Microsoft Visual Studio Solution File, Format Version 12.00
# Visual Studio Version 17
VisualStudioVersion = 17.5.2.0
MinimumVisualStudioVersion = 10.0.40219.1
Project("{2150E333-8FDC-42A3-9474-1A3956D46DE8}") = "Assemblies", "Assemblies", "{20EFFD2B-F690-FFA8-16A9-C9830A7F7F9B}"
EndProject
Project("{FAE04EC0-301F-11D3-BF4B-00C04F79EFBC}") = "ShieldEXBelt", "Assemblies\S\ShieldEXBelt.csproj", "{B4189197-EC04-DD00-70E8-9DDFA0E4A9F7}"
EndProject
Global
	GlobalSection(SolutionConfigurationPlatforms) = preSolution
		Debug|Any CPU = Debug|Any CPU
		Release|Any CPU = Release|Any CPU
	EndGlobalSection
	GlobalSection(ProjectConfigurationPlatforms) = postSolution
		{B4189197-EC04-DD00-70E8-9DDFA0E4A9F7}.Debug|Any CPU.ActiveCfg = Debug|Any CPU
		{B4189197-EC04-DD00-70E8-9DDFA0E4A9F7}.Debug|Any CPU.Build.0 = Debug|Any CPU
		{B4189197-EC04-DD00-70E8-9DDFA0E4A9F7}.Release|Any CPU.ActiveCfg = Release|Any CPU
		{B4189197-EC04-DD00-70E8-9DDFA0E4A9F7}.Release|Any CPU.Build.0 = Release|Any CPU
	EndGlobalSection
	GlobalSection(SolutionProperties) = preSolution
		HideSolutionNode = FALSE
	EndGlobalSection
	GlobalSection(NestedProjects) = preSolution
		{B4189197-EC04-DD00-70E8-9DDFA0E4A9F7} = {20EFFD2B-F690-FFA8-16A9-C9830A7F7F9B}
	EndGlobalSection
	GlobalSection(ExtensibilityGlobals) = postSolution
		SolutionGuid = {4B40EA75-580C-4837-95CB-11119C406858}
	EndGlobalSection
EndGlobal
