Microsoft Visual Studio Solution File, Format Version 12.00
# Visual Studio 14
VisualStudioVersion = 14.0.24720.0
MinimumVisualStudioVersion = 10.0.40219.1
Project("{FAE04EC0-301F-11D3-BF4B-00C04F79EFBC}") = "Assembly-CSharp", "Assembly-CSharp\Assembly-CSharp.csproj", "{7EB827B7-61BA-4E6F-B588-A22F4B7340AB}"
EndProject
Project("{FAE04EC0-301F-11D3-BF4B-00C04F79EFBC}") = "mscorlib", "mscorlib\mscorlib.csproj", "{8894ECED-8B53-46C3-A5A5-8BE29EF473CE}"
EndProject
Project("{FAE04EC0-301F-11D3-BF4B-00C04F79EFBC}") = "System.Xml", "System.Xml\System.Xml.csproj", "{2ED230F0-264C-4636-8A57-ADEF9DFF7EC8}"
EndProject
Project("{FAE04EC0-301F-11D3-BF4B-00C04F79EFBC}") = "System", "System\System.csproj", "{42C2ED2F-36EB-43BF-86C1-C84D50A9C01D}"
EndProject
Project("{FAE04EC0-301F-11D3-BF4B-00C04F79EFBC}") = "System.Core", "System.Core\System.Core.csproj", "{20B7D7FE-0BAD-4276-A3A0-781DBA95DBFF}"
EndProject
Project("{FAE04EC0-301F-11D3-BF4B-00C04F79EFBC}") = "System.Runtime.Serialization", "System.Runtime.Serialization\System.Runtime.Serialization.csproj", "{6CDAB77A-C85D-48FC-ADB9-14DA8BA74DFE}"
EndProject
Project("{FAE04EC0-301F-11D3-BF4B-00C04F79EFBC}") = "Unity.Mathematics", "Unity.Mathematics\Unity.Mathematics.csproj", "{6D280304-7E61-4203-BE8A-4E112D046FBD}"
EndProject
Project("{FAE04EC0-301F-11D3-BF4B-00C04F79EFBC}") = "Unity.TextMeshPro", "Unity.TextMeshPro\Unity.TextMeshPro.csproj", "{A9CABEEB-153D-45B2-BAD4-974D09DEC3D8}"
EndProject
Project("{FAE04EC0-301F-11D3-BF4B-00C04F79EFBC}") = "Mono.Security", "Mono.Security\Mono.Security.csproj", "{102C1BD4-8E4D-4F17-A598-F28DAA4BB586}"
EndProject
Project("{FAE04EC0-301F-11D3-BF4B-00C04F79EFBC}") = "com.rlabrecque.steamworks.net", "com.rlabrecque.steamworks.net\com.rlabrecque.steamworks.net.csproj", "{7B166374-7092-4288-944C-256469A67200}"
EndProject
Project("{FAE04EC0-301F-11D3-BF4B-00C04F79EFBC}") = "NAudio", "NAudio\NAudio.csproj", "{6DC27E08-9191-4724-8074-C495BD338E1C}"
EndProject
Project("{FAE04EC0-301F-11D3-BF4B-00C04F79EFBC}") = "System.ComponentModel.Composition", "System.ComponentModel.Composition\System.ComponentModel.Composition.csproj", "{ACB2E143-2E92-459B-9C24-2C338250F92C}"
EndProject
Project("{FAE04EC0-301F-11D3-BF4B-00C04F79EFBC}") = "Mono.Posix", "Mono.Posix\Mono.Posix.csproj", "{DB666D49-586B-40C9-B8B6-A94BC9EAB459}"
EndProject
Project("{FAE04EC0-301F-11D3-BF4B-00C04F79EFBC}") = "System.Security", "System.Security\System.Security.csproj", "{5B046C6D-3590-413E-8617-6AD3DB3D6C81}"
EndProject
Project("{FAE04EC0-301F-11D3-BF4B-00C04F79EFBC}") = "Unity.Burst", "Unity.Burst\Unity.Burst.csproj", "{80C729D5-E53D-455C-A4C4-8B49DC721A01}"
EndProject
Project("{FAE04EC0-301F-11D3-BF4B-00C04F79EFBC}") = "System.ServiceModel.Internals", "System.ServiceModel.Internals\System.ServiceModel.Internals.csproj", "{F85A39EC-3DD4-4635-BE2F-9D9570CA6738}"
EndProject
Project("{FAE04EC0-301F-11D3-BF4B-00C04F79EFBC}") = "System.Configuration", "System.Configuration\System.Configuration.csproj", "{9C4EC389-F6D3-4FDE-90FC-5D99FCB66C0D}"
EndProject
Project("{FAE04EC0-301F-11D3-BF4B-00C04F79EFBC}") = "System.Xml.Linq", "System.Xml.Linq\System.Xml.Linq.csproj", "{1CCDE8AD-C64E-462B-A926-E9EE1F148781}"
EndProject
Project("{FAE04EC0-301F-11D3-BF4B-00C04F79EFBC}") = "WindowsBase", "WindowsBase\WindowsBase.csproj", "{DC5E5516-F5E1-4D29-A7D6-0F8578A76B86}"
EndProject
Project("{FAE04EC0-301F-11D3-BF4B-00C04F79EFBC}") = "UnityEngine.AnimationModule", "UnityEngine.AnimationModule\UnityEngine.AnimationModule.csproj", "{4DE47D9A-9301-40E1-B6ED-D5B8C8F912BE}"
EndProject
Project("{FAE04EC0-301F-11D3-BF4B-00C04F79EFBC}") = "PresentationCore", "PresentationCore\PresentationCore.csproj", "{447347BC-7998-4EFF-97AD-3DF7413A8E35}"
EndProject
Project("{FAE04EC0-301F-11D3-BF4B-00C04F79EFBC}") = "UnityEngine.UnityWebRequestModule", "UnityEngine.UnityWebRequestModule\UnityEngine.UnityWebRequestModule.csproj", "{F3D2F6E7-2D03-4D7C-98E8-798908D98D51}"
EndProject
Project("{FAE04EC0-301F-11D3-BF4B-00C04F79EFBC}") = "NVorbis", "NVorbis\NVorbis.csproj", "{8B593E2D-F67B-4ED0-ACB3-B1BA798E3CC3}"
EndProject
Project("{FAE04EC0-301F-11D3-BF4B-00C04F79EFBC}") = "System.Private.Xml", "System.Private.Xml\System.Private.Xml.csproj", "{8CD3055E-4289-467D-9D84-B06F407EAB3D}"
EndProject
Project("{FAE04EC0-301F-11D3-BF4B-00C04F79EFBC}") = "System.Linq", "System.Linq\System.Linq.csproj", "{712B8583-9AF7-4E21-B95E-1CAF3BE772D9}"
EndProject
Project("{FAE04EC0-301F-11D3-BF4B-00C04F79EFBC}") = "UnityEngine.VideoModule", "UnityEngine.VideoModule\UnityEngine.VideoModule.csproj", "{EAC1894E-3322-4BA3-BD58-5C594FB324BC}"
EndProject
Project("{FAE04EC0-301F-11D3-BF4B-00C04F79EFBC}") = "UnityEngine.UnityAnalyticsModule", "UnityEngine.UnityAnalyticsModule\UnityEngine.UnityAnalyticsModule.csproj", "{F225475D-62C2-41DF-88FA-FFAE02910852}"
EndProject
Project("{FAE04EC0-301F-11D3-BF4B-00C04F79EFBC}") = "Assembly-CSharp-firstpass", "Assembly-CSharp-firstpass\Assembly-CSharp-firstpass.csproj", "{FF325864-605D-4FF2-B729-1F386920B556}"
EndProject
Project("{FAE04EC0-301F-11D3-BF4B-00C04F79EFBC}") = "UnityEngine.UNETModule", "UnityEngine.UNETModule\UnityEngine.UNETModule.csproj", "{A1A27D2F-F2C8-4DFA-9AF9-7C93F30B5825}"
EndProject
Project("{FAE04EC0-301F-11D3-BF4B-00C04F79EFBC}") = "ISharpZipLib", "ISharpZipLib\ISharpZipLib.csproj", "{354E493F-9647-4C5B-8402-F4A6FDC375AF}"
EndProject
Project("{FAE04EC0-301F-11D3-BF4B-00C04F79EFBC}") = "UnityEngine.UIElementsModule", "UnityEngine.UIElementsModule\UnityEngine.UIElementsModule.csproj", "{C2EB8BF5-4EB3-4843-945B-0A43C9B93C34}"
EndProject
Project("{FAE04EC0-301F-11D3-BF4B-00C04F79EFBC}") = "UnityEngine.AndroidJNIModule", "UnityEngine.AndroidJNIModule\UnityEngine.AndroidJNIModule.csproj", "{41FC8235-D12B-4B81-AF9D-6C7389ADE98B}"
EndProject
Project("{FAE04EC0-301F-11D3-BF4B-00C04F79EFBC}") = "UnityEngine.UI", "UnityEngine.UI\UnityEngine.UI.csproj", "{E578DB3D-830E-4351-AD14-828F436EA00D}"
EndProject
Project("{FAE04EC0-301F-11D3-BF4B-00C04F79EFBC}") = "UnityEngine.SubsystemsModule", "UnityEngine.SubsystemsModule\UnityEngine.SubsystemsModule.csproj", "{F8D1B03C-ED55-483B-9863-783F2D761A2C}"
EndProject
Project("{FAE04EC0-301F-11D3-BF4B-00C04F79EFBC}") = "UnityEngine.AudioModule", "UnityEngine.AudioModule\UnityEngine.AudioModule.csproj", "{D5E2213A-DC03-4EF0-A3C7-133C289FD13C}"
EndProject
Project("{FAE04EC0-301F-11D3-BF4B-00C04F79EFBC}") = "System.Xaml", "System.Xaml\System.Xaml.csproj", "{9413C270-6C94-4078-9E84-0DAA607C5E29}"
EndProject
Project("{FAE04EC0-301F-11D3-BF4B-00C04F79EFBC}") = "UnityEngine.PhysicsModule", "UnityEngine.PhysicsModule\UnityEngine.PhysicsModule.csproj", "{50156330-DFA2-47D3-A86B-910E5D499B94}"
EndProject
Project("{FAE04EC0-301F-11D3-BF4B-00C04F79EFBC}") = "UnityEngine.AIModule", "UnityEngine.AIModule\UnityEngine.AIModule.csproj", "{5B1B7AAF-245B-4325-BEEF-80F3D6ABA06B}"
EndProject
Project("{FAE04EC0-301F-11D3-BF4B-00C04F79EFBC}") = "UnityEngine.IMGUIModule", "UnityEngine.IMGUIModule\UnityEngine.IMGUIModule.csproj", "{720A9B01-9EC5-4DDB-B695-04D0B13A9344}"
EndProject
Project("{FAE04EC0-301F-11D3-BF4B-00C04F79EFBC}") = "UnityEngine.AssetBundleModule", "UnityEngine.AssetBundleModule\UnityEngine.AssetBundleModule.csproj", "{38FBF149-A105-420E-BAED-C69E680EBE5E}"
EndProject
Project("{FAE04EC0-301F-11D3-BF4B-00C04F79EFBC}") = "UnityEngine.WindModule", "UnityEngine.WindModule\UnityEngine.WindModule.csproj", "{15EB40DF-1C3E-494C-96B9-D63E22DBDDC0}"
EndProject
Project("{FAE04EC0-301F-11D3-BF4B-00C04F79EFBC}") = "UnityEngine.VRModule", "UnityEngine.VRModule\UnityEngine.VRModule.csproj", "{87E4A868-2F20-429B-958C-243107D32CE4}"
EndProject
Project("{FAE04EC0-301F-11D3-BF4B-00C04F79EFBC}") = "UnityEngine.Physics2DModule", "UnityEngine.Physics2DModule\UnityEngine.Physics2DModule.csproj", "{C96EE209-4C13-4DEB-BE79-5DBF05DDEAF4}"
EndProject
Project("{FAE04EC0-301F-11D3-BF4B-00C04F79EFBC}") = "UnityEngine.PerformanceReportingModule", "UnityEngine.PerformanceReportingModule\UnityEngine.PerformanceReportingModule.csproj", "{AC78C3CF-1A7C-47FE-AE87-86A542BE8E91}"
EndProject
Project("{FAE04EC0-301F-11D3-BF4B-00C04F79EFBC}") = "UnityEngine.LocalizationModule", "UnityEngine.LocalizationModule\UnityEngine.LocalizationModule.csproj", "{E918A9A2-E172-44A0-9ECE-ECA3106A30B5}"
EndProject
Project("{FAE04EC0-301F-11D3-BF4B-00C04F79EFBC}") = "UnityEngine.JSONSerializeModule", "UnityEngine.JSONSerializeModule\UnityEngine.JSONSerializeModule.csproj", "{2A1FE90C-BF85-4D8A-B69D-844815AB14ED}"
EndProject
Project("{FAE04EC0-301F-11D3-BF4B-00C04F79EFBC}") = "UnityEngine.ImageConversionModule", "UnityEngine.ImageConversionModule\UnityEngine.ImageConversionModule.csproj", "{F34293E2-8B7C-4610-AE3B-9F2389A146E8}"
EndProject
Project("{FAE04EC0-301F-11D3-BF4B-00C04F79EFBC}") = "UnityEngine.HotReloadModule", "UnityEngine.HotReloadModule\UnityEngine.HotReloadModule.csproj", "{A7F8EE3C-80EF-4BEE-B4AB-F3B274BBCEB4}"
EndProject
Project("{FAE04EC0-301F-11D3-BF4B-00C04F79EFBC}") = "UnityEngine.AccessibilityModule", "UnityEngine.AccessibilityModule\UnityEngine.AccessibilityModule.csproj", "{E8C4E895-8D64-4301-81FC-FE98C27FB5CE}"
EndProject
Project("{FAE04EC0-301F-11D3-BF4B-00C04F79EFBC}") = "UnityEngine.ParticleSystemModule", "UnityEngine.ParticleSystemModule\UnityEngine.ParticleSystemModule.csproj", "{21B43A4C-9A24-44A4-B57A-E93C360AE1CF}"
EndProject
Project("{FAE04EC0-301F-11D3-BF4B-00C04F79EFBC}") = "UnityEngine.GridModule", "UnityEngine.GridModule\UnityEngine.GridModule.csproj", "{A52B0361-DF25-4B85-B498-4102FF037B71}"
EndProject
Project("{FAE04EC0-301F-11D3-BF4B-00C04F79EFBC}") = "UnityEngine.ARModule", "UnityEngine.ARModule\UnityEngine.ARModule.csproj", "{42B0F78A-E6D6-4510-8DFC-DB2145025E19}"
EndProject
Project("{FAE04EC0-301F-11D3-BF4B-00C04F79EFBC}") = "System.Private.Uri", "System.Private.Uri\System.Private.Uri.csproj", "{2EC433C5-3E03-4018-A5B9-667676D569ED}"
EndProject
Project("{FAE04EC0-301F-11D3-BF4B-00C04F79EFBC}") = "UnityEngine.XRModule", "UnityEngine.XRModule\UnityEngine.XRModule.csproj", "{2B027459-CE79-4F21-9384-85B7895991D2}"
EndProject
Project("{FAE04EC0-301F-11D3-BF4B-00C04F79EFBC}") = "UnityEngine.TerrainPhysicsModule", "UnityEngine.TerrainPhysicsModule\UnityEngine.TerrainPhysicsModule.csproj", "{5A34E4C5-A78C-4C7C-84DB-1DA1AD542D49}"
EndProject
Project("{FAE04EC0-301F-11D3-BF4B-00C04F79EFBC}") = "UnityEngine.TerrainModule", "UnityEngine.TerrainModule\UnityEngine.TerrainModule.csproj", "{A809F2D9-73F0-49BB-BB0D-CD2AD56DBF79}"
EndProject
Project("{FAE04EC0-301F-11D3-BF4B-00C04F79EFBC}") = "UnityEngine.SpriteShapeModule", "UnityEngine.SpriteShapeModule\UnityEngine.SpriteShapeModule.csproj", "{4375053A-D228-48ED-8171-F09EFD91F4D7}"
EndProject
Project("{FAE04EC0-301F-11D3-BF4B-00C04F79EFBC}") = "UnityEngine.GameCenterModule", "UnityEngine.GameCenterModule\UnityEngine.GameCenterModule.csproj", "{8AC195C3-8047-4E1F-968C-8BEC4EBC5C52}"
EndProject
Project("{FAE04EC0-301F-11D3-BF4B-00C04F79EFBC}") = "UnityEngine.ClothModule", "UnityEngine.ClothModule\UnityEngine.ClothModule.csproj", "{9F5F2FFC-EF6E-474F-9A19-ACC55FA999DC}"
EndProject
Project("{FAE04EC0-301F-11D3-BF4B-00C04F79EFBC}") = "UnityEngine.TLSModule", "UnityEngine.TLSModule\UnityEngine.TLSModule.csproj", "{31D730A0-EB67-4323-88A3-07EB1194B5BF}"
EndProject
Project("{FAE04EC0-301F-11D3-BF4B-00C04F79EFBC}") = "UnityEngine.TilemapModule", "UnityEngine.TilemapModule\UnityEngine.TilemapModule.csproj", "{6BE7AB1A-436C-4D93-8937-6AD47F394CBE}"
EndProject
Project("{FAE04EC0-301F-11D3-BF4B-00C04F79EFBC}") = "UnityEngine.TextRenderingModule", "UnityEngine.TextRenderingModule\UnityEngine.TextRenderingModule.csproj", "{48D9F331-2E10-402C-85D2-6F3D3BFF8A1C}"
EndProject
Project("{FAE04EC0-301F-11D3-BF4B-00C04F79EFBC}") = "UnityEngine.TextCoreModule", "UnityEngine.TextCoreModule\UnityEngine.TextCoreModule.csproj", "{0DA71BC0-FD82-43B6-93C6-8F4B26A61D78}"
EndProject
Project("{FAE04EC0-301F-11D3-BF4B-00C04F79EFBC}") = "UnityEngine.SubstanceModule", "UnityEngine.SubstanceModule\UnityEngine.SubstanceModule.csproj", "{65811896-B448-424E-8558-D67EAFB2A782}"
EndProject
Project("{FAE04EC0-301F-11D3-BF4B-00C04F79EFBC}") = "UnityEngine.StreamingModule", "UnityEngine.StreamingModule\UnityEngine.StreamingModule.csproj", "{F38A1A45-AD0F-49D1-8C25-5277CD8377CB}"
EndProject
Project("{FAE04EC0-301F-11D3-BF4B-00C04F79EFBC}") = "UnityEngine.ScreenCaptureModule", "UnityEngine.ScreenCaptureModule\UnityEngine.ScreenCaptureModule.csproj", "{710E71E6-3169-4CB1-A686-C6070D3817DD}"
EndProject
Project("{FAE04EC0-301F-11D3-BF4B-00C04F79EFBC}") = "UnityEngine.ProfilerModule", "UnityEngine.ProfilerModule\UnityEngine.ProfilerModule.csproj", "{4B0F126B-CC03-4701-98D0-EE636A9EE425}"
EndProject
Project("{FAE04EC0-301F-11D3-BF4B-00C04F79EFBC}") = "UnityEngine.InputModule", "UnityEngine.InputModule\UnityEngine.InputModule.csproj", "{2135893E-EEEC-4FE3-8267-A5B9F9643F93}"
EndProject
Project("{FAE04EC0-301F-11D3-BF4B-00C04F79EFBC}") = "UnityEngine.InputLegacyModule", "UnityEngine.InputLegacyModule\UnityEngine.InputLegacyModule.csproj", "{84D9A20E-BD93-4C45-BFB8-044B139E0830}"
EndProject
Project("{FAE04EC0-301F-11D3-BF4B-00C04F79EFBC}") = "UnityEngine.DirectorModule", "UnityEngine.DirectorModule\UnityEngine.DirectorModule.csproj", "{1EDD45EE-4CEF-4086-918F-9CE9B9987DE0}"
EndProject
Project("{FAE04EC0-301F-11D3-BF4B-00C04F79EFBC}") = "UnityEngine.CrashReportingModule", "UnityEngine.CrashReportingModule\UnityEngine.CrashReportingModule.csproj", "{8352FA68-B9BC-4F61-B14A-7C29E4E64764}"
EndProject
Project("{FAE04EC0-301F-11D3-BF4B-00C04F79EFBC}") = "Unity.MemoryProfiler", "Unity.MemoryProfiler\Unity.MemoryProfiler.csproj", "{0581FA59-FF32-4BA6-8F05-9B27A5175703}"
EndProject
Project("{FAE04EC0-301F-11D3-BF4B-00C04F79EFBC}") = "UnityEngine.CoreModule", "UnityEngine.CoreModule\UnityEngine.CoreModule.csproj", "{DFC5581D-0C2F-4C11-9E9D-8668D6172445}"
EndProject
Project("{FAE04EC0-301F-11D3-BF4B-00C04F79EFBC}") = "Unity.Burst.Unsafe", "Unity.Burst.Unsafe\Unity.Burst.Unsafe.csproj", "{D7869B6E-E414-4318-8DA5-CF2F9B5C2B4F}"
EndProject
Project("{FAE04EC0-301F-11D3-BF4B-00C04F79EFBC}") = "PresentationFramework", "PresentationFramework\PresentationFramework.csproj", "{3582406A-47BD-440F-85A4-D667CF78B148}"
EndProject
Project("{FAE04EC0-301F-11D3-BF4B-00C04F79EFBC}") = "UnityEngine.VFXModule", "UnityEngine.VFXModule\UnityEngine.VFXModule.csproj", "{B7893114-0C15-44E4-9282-DDF591C042B7}"
EndProject
Project("{FAE04EC0-301F-11D3-BF4B-00C04F79EFBC}") = "UnityEngine.VehiclesModule", "UnityEngine.VehiclesModule\UnityEngine.VehiclesModule.csproj", "{2CFC32B0-C23D-47A8-BF14-9DC0B5C7AF9B}"
EndProject
Project("{FAE04EC0-301F-11D3-BF4B-00C04F79EFBC}") = "UnityEngine.UnityWebRequestWWWModule", "UnityEngine.UnityWebRequestWWWModule\UnityEngine.UnityWebRequestWWWModule.csproj", "{46C92246-DA0F-4B6F-BF9D-7C37A95B94FC}"
EndProject
Project("{FAE04EC0-301F-11D3-BF4B-00C04F79EFBC}") = "UnityEngine.UnityWebRequestTextureModule", "UnityEngine.UnityWebRequestTextureModule\UnityEngine.UnityWebRequestTextureModule.csproj", "{79D1EC18-F407-48E2-8238-C5155EB071B9}"
EndProject
Project("{FAE04EC0-301F-11D3-BF4B-00C04F79EFBC}") = "UnityEngine.UnityWebRequestAudioModule", "UnityEngine.UnityWebRequestAudioModule\UnityEngine.UnityWebRequestAudioModule.csproj", "{3ED62AC6-E74F-475D-86DF-13AF2C2BCBFA}"
EndProject
Project("{FAE04EC0-301F-11D3-BF4B-00C04F79EFBC}") = "UnityEngine.UnityWebRequestAssetBundleModule", "UnityEngine.UnityWebRequestAssetBundleModule\UnityEngine.UnityWebRequestAssetBundleModule.csproj", "{8788C135-6966-4099-BEA4-977853CACC1C}"
EndProject
Project("{FAE04EC0-301F-11D3-BF4B-00C04F79EFBC}") = "UnityEngine.UnityTestProtocolModule", "UnityEngine.UnityTestProtocolModule\UnityEngine.UnityTestProtocolModule.csproj", "{71317F3B-360A-4C69-9BA7-5BB2A3E88483}"
EndProject
Project("{FAE04EC0-301F-11D3-BF4B-00C04F79EFBC}") = "UnityEngine.UnityConnectModule", "UnityEngine.UnityConnectModule\UnityEngine.UnityConnectModule.csproj", "{B26854AA-E761-43AC-89F1-2748BAC1524F}"
EndProject
Project("{FAE04EC0-301F-11D3-BF4B-00C04F79EFBC}") = "UnityEngine.UmbraModule", "UnityEngine.UmbraModule\UnityEngine.UmbraModule.csproj", "{8ECCCF23-2EAE-41AC-B795-458403CF352D}"
EndProject
Project("{FAE04EC0-301F-11D3-BF4B-00C04F79EFBC}") = "UnityEngine.UIModule", "UnityEngine.UIModule\UnityEngine.UIModule.csproj", "{18B46E50-4F8B-45EF-BDAB-C4FDCE53FA43}"
EndProject
Project("{FAE04EC0-301F-11D3-BF4B-00C04F79EFBC}") = "UnityEngine.SpriteMaskModule", "UnityEngine.SpriteMaskModule\UnityEngine.SpriteMaskModule.csproj", "{0DCE2B73-804F-44FA-AB1E-EE38468943C8}"
EndProject
Project("{FAE04EC0-301F-11D3-BF4B-00C04F79EFBC}") = "UnityEngine.SharedInternalsModule", "UnityEngine.SharedInternalsModule\UnityEngine.SharedInternalsModule.csproj", "{BF0F3808-3348-41E9-8ED4-6B5D80342C8A}"
EndProject
Project("{FAE04EC0-301F-11D3-BF4B-00C04F79EFBC}") = "UnityEngine.DSPGraphModule", "UnityEngine.DSPGraphModule\UnityEngine.DSPGraphModule.csproj", "{85FC79F5-3D96-4C2E-8B11-11524A069099}"
EndProject
Project("{FAE04EC0-301F-11D3-BF4B-00C04F79EFBC}") = "UnityEngine", "UnityEngine\UnityEngine.csproj", "{EC07B91B-B8C5-4C7C-A872-8469EA14C01A}"
EndProject
Project("{FAE04EC0-301F-11D3-BF4B-00C04F79EFBC}") = "UnityEngine.ClusterRendererModule", "UnityEngine.ClusterRendererModule\UnityEngine.ClusterRendererModule.csproj", "{1B3F5819-B4A8-4847-A93D-AB7AC7424FC6}"
EndProject
Project("{FAE04EC0-301F-11D3-BF4B-00C04F79EFBC}") = "UnityEngine.ClusterInputModule", "UnityEngine.ClusterInputModule\UnityEngine.ClusterInputModule.csproj", "{AE5E2FD0-DF68-4386-873F-47FE676B49A4}"
EndProject
Project("{FAE04EC0-301F-11D3-BF4B-00C04F79EFBC}") = "System.Runtime", "System.Runtime\System.Runtime.csproj", "{D1BC4988-F76C-4FC5-9EDD-136B4C4A3FC0}"
EndProject
Global
	GlobalSection(SolutionConfigurationPlatforms) = preSolution
		Debug|AnyCPU = Debug|AnyCPU
		Debug|x64 = Debug|x64
		Release|AnyCPU = Release|AnyCPU
		Release|x64 = Release|x64
	EndGlobalSection
	GlobalSection(ProjectConfigurationPlatforms) = postSolution
		{7EB827B7-61BA-4E6F-B588-A22F4B7340AB}.Debug|AnyCPU.ActiveCfg = Debug|AnyCPU
		{7EB827B7-61BA-4E6F-B588-A22F4B7340AB}.Debug|AnyCPU.Build.0 = Debug|AnyCPU
		{7EB827B7-61BA-4E6F-B588-A22F4B7340AB}.Debug|x64.ActiveCfg = Debug|AnyCPU
		{7EB827B7-61BA-4E6F-B588-A22F4B7340AB}.Debug|x64.Build.0 = Debug|AnyCPU
		{7EB827B7-61BA-4E6F-B588-A22F4B7340AB}.Release|AnyCPU.ActiveCfg = Release|AnyCPU
		{7EB827B7-61BA-4E6F-B588-A22F4B7340AB}.Release|AnyCPU.Build.0 = Release|AnyCPU
		{7EB827B7-61BA-4E6F-B588-A22F4B7340AB}.Release|x64.ActiveCfg = Release|AnyCPU
		{7EB827B7-61BA-4E6F-B588-A22F4B7340AB}.Release|x64.Build.0 = Release|AnyCPU
		{8894ECED-8B53-46C3-A5A5-8BE29EF473CE}.Debug|AnyCPU.ActiveCfg = Debug|AnyCPU
		{8894ECED-8B53-46C3-A5A5-8BE29EF473CE}.Debug|AnyCPU.Build.0 = Debug|AnyCPU
		{8894ECED-8B53-46C3-A5A5-8BE29EF473CE}.Debug|x64.ActiveCfg = Debug|AnyCPU
		{8894ECED-8B53-46C3-A5A5-8BE29EF473CE}.Debug|x64.Build.0 = Debug|AnyCPU
		{8894ECED-8B53-46C3-A5A5-8BE29EF473CE}.Release|AnyCPU.ActiveCfg = Release|AnyCPU
		{8894ECED-8B53-46C3-A5A5-8BE29EF473CE}.Release|AnyCPU.Build.0 = Release|AnyCPU
		{8894ECED-8B53-46C3-A5A5-8BE29EF473CE}.Release|x64.ActiveCfg = Release|AnyCPU
		{8894ECED-8B53-46C3-A5A5-8BE29EF473CE}.Release|x64.Build.0 = Release|AnyCPU
		{2ED230F0-264C-4636-8A57-ADEF9DFF7EC8}.Debug|AnyCPU.ActiveCfg = Debug|AnyCPU
		{2ED230F0-264C-4636-8A57-ADEF9DFF7EC8}.Debug|AnyCPU.Build.0 = Debug|AnyCPU
		{2ED230F0-264C-4636-8A57-ADEF9DFF7EC8}.Debug|x64.ActiveCfg = Debug|AnyCPU
		{2ED230F0-264C-4636-8A57-ADEF9DFF7EC8}.Debug|x64.Build.0 = Debug|AnyCPU
		{2ED230F0-264C-4636-8A57-ADEF9DFF7EC8}.Release|AnyCPU.ActiveCfg = Release|AnyCPU
		{2ED230F0-264C-4636-8A57-ADEF9DFF7EC8}.Release|AnyCPU.Build.0 = Release|AnyCPU
		{2ED230F0-264C-4636-8A57-ADEF9DFF7EC8}.Release|x64.ActiveCfg = Release|AnyCPU
		{2ED230F0-264C-4636-8A57-ADEF9DFF7EC8}.Release|x64.Build.0 = Release|AnyCPU
		{42C2ED2F-36EB-43BF-86C1-C84D50A9C01D}.Debug|AnyCPU.ActiveCfg = Debug|AnyCPU
		{42C2ED2F-36EB-43BF-86C1-C84D50A9C01D}.Debug|AnyCPU.Build.0 = Debug|AnyCPU
		{42C2ED2F-36EB-43BF-86C1-C84D50A9C01D}.Debug|x64.ActiveCfg = Debug|AnyCPU
		{42C2ED2F-36EB-43BF-86C1-C84D50A9C01D}.Debug|x64.Build.0 = Debug|AnyCPU
		{42C2ED2F-36EB-43BF-86C1-C84D50A9C01D}.Release|AnyCPU.ActiveCfg = Release|AnyCPU
		{42C2ED2F-36EB-43BF-86C1-C84D50A9C01D}.Release|AnyCPU.Build.0 = Release|AnyCPU
		{42C2ED2F-36EB-43BF-86C1-C84D50A9C01D}.Release|x64.ActiveCfg = Release|AnyCPU
		{42C2ED2F-36EB-43BF-86C1-C84D50A9C01D}.Release|x64.Build.0 = Release|AnyCPU
		{20B7D7FE-0BAD-4276-A3A0-781DBA95DBFF}.Debug|AnyCPU.ActiveCfg = Debug|AnyCPU
		{20B7D7FE-0BAD-4276-A3A0-781DBA95DBFF}.Debug|AnyCPU.Build.0 = Debug|AnyCPU
		{20B7D7FE-0BAD-4276-A3A0-781DBA95DBFF}.Debug|x64.ActiveCfg = Debug|AnyCPU
		{20B7D7FE-0BAD-4276-A3A0-781DBA95DBFF}.Debug|x64.Build.0 = Debug|AnyCPU
		{20B7D7FE-0BAD-4276-A3A0-781DBA95DBFF}.Release|AnyCPU.ActiveCfg = Release|AnyCPU
		{20B7D7FE-0BAD-4276-A3A0-781DBA95DBFF}.Release|AnyCPU.Build.0 = Release|AnyCPU
		{20B7D7FE-0BAD-4276-A3A0-781DBA95DBFF}.Release|x64.ActiveCfg = Release|AnyCPU
		{20B7D7FE-0BAD-4276-A3A0-781DBA95DBFF}.Release|x64.Build.0 = Release|AnyCPU
		{6CDAB77A-C85D-48FC-ADB9-14DA8BA74DFE}.Debug|AnyCPU.ActiveCfg = Debug|AnyCPU
		{6CDAB77A-C85D-48FC-ADB9-14DA8BA74DFE}.Debug|AnyCPU.Build.0 = Debug|AnyCPU
		{6CDAB77A-C85D-48FC-ADB9-14DA8BA74DFE}.Debug|x64.ActiveCfg = Debug|AnyCPU
		{6CDAB77A-C85D-48FC-ADB9-14DA8BA74DFE}.Debug|x64.Build.0 = Debug|AnyCPU
		{6CDAB77A-C85D-48FC-ADB9-14DA8BA74DFE}.Release|AnyCPU.ActiveCfg = Release|AnyCPU
		{6CDAB77A-C85D-48FC-ADB9-14DA8BA74DFE}.Release|AnyCPU.Build.0 = Release|AnyCPU
		{6CDAB77A-C85D-48FC-ADB9-14DA8BA74DFE}.Release|x64.ActiveCfg = Release|AnyCPU
		{6CDAB77A-C85D-48FC-ADB9-14DA8BA74DFE}.Release|x64.Build.0 = Release|AnyCPU
		{6D280304-7E61-4203-BE8A-4E112D046FBD}.Debug|AnyCPU.ActiveCfg = Debug|AnyCPU
		{6D280304-7E61-4203-BE8A-4E112D046FBD}.Debug|AnyCPU.Build.0 = Debug|AnyCPU
		{6D280304-7E61-4203-BE8A-4E112D046FBD}.Debug|x64.ActiveCfg = Debug|AnyCPU
		{6D280304-7E61-4203-BE8A-4E112D046FBD}.Debug|x64.Build.0 = Debug|AnyCPU
		{6D280304-7E61-4203-BE8A-4E112D046FBD}.Release|AnyCPU.ActiveCfg = Release|AnyCPU
		{6D280304-7E61-4203-BE8A-4E112D046FBD}.Release|AnyCPU.Build.0 = Release|AnyCPU
		{6D280304-7E61-4203-BE8A-4E112D046FBD}.Release|x64.ActiveCfg = Release|AnyCPU
		{6D280304-7E61-4203-BE8A-4E112D046FBD}.Release|x64.Build.0 = Release|AnyCPU
		{A9CABEEB-153D-45B2-BAD4-974D09DEC3D8}.Debug|AnyCPU.ActiveCfg = Debug|AnyCPU
		{A9CABEEB-153D-45B2-BAD4-974D09DEC3D8}.Debug|AnyCPU.Build.0 = Debug|AnyCPU
		{A9CABEEB-153D-45B2-BAD4-974D09DEC3D8}.Debug|x64.ActiveCfg = Debug|AnyCPU
		{A9CABEEB-153D-45B2-BAD4-974D09DEC3D8}.Debug|x64.Build.0 = Debug|AnyCPU
		{A9CABEEB-153D-45B2-BAD4-974D09DEC3D8}.Release|AnyCPU.ActiveCfg = Release|AnyCPU
		{A9CABEEB-153D-45B2-BAD4-974D09DEC3D8}.Release|AnyCPU.Build.0 = Release|AnyCPU
		{A9CABEEB-153D-45B2-BAD4-974D09DEC3D8}.Release|x64.ActiveCfg = Release|AnyCPU
		{A9CABEEB-153D-45B2-BAD4-974D09DEC3D8}.Release|x64.Build.0 = Release|AnyCPU
		{102C1BD4-8E4D-4F17-A598-F28DAA4BB586}.Debug|AnyCPU.ActiveCfg = Debug|AnyCPU
		{102C1BD4-8E4D-4F17-A598-F28DAA4BB586}.Debug|AnyCPU.Build.0 = Debug|AnyCPU
		{102C1BD4-8E4D-4F17-A598-F28DAA4BB586}.Debug|x64.ActiveCfg = Debug|AnyCPU
		{102C1BD4-8E4D-4F17-A598-F28DAA4BB586}.Debug|x64.Build.0 = Debug|AnyCPU
		{102C1BD4-8E4D-4F17-A598-F28DAA4BB586}.Release|AnyCPU.ActiveCfg = Release|AnyCPU
		{102C1BD4-8E4D-4F17-A598-F28DAA4BB586}.Release|AnyCPU.Build.0 = Release|AnyCPU
		{102C1BD4-8E4D-4F17-A598-F28DAA4BB586}.Release|x64.ActiveCfg = Release|AnyCPU
		{102C1BD4-8E4D-4F17-A598-F28DAA4BB586}.Release|x64.Build.0 = Release|AnyCPU
		{7B166374-7092-4288-944C-256469A67200}.Debug|AnyCPU.ActiveCfg = Debug|AnyCPU
		{7B166374-7092-4288-944C-256469A67200}.Debug|AnyCPU.Build.0 = Debug|AnyCPU
		{7B166374-7092-4288-944C-256469A67200}.Debug|x64.ActiveCfg = Debug|AnyCPU
		{7B166374-7092-4288-944C-256469A67200}.Debug|x64.Build.0 = Debug|AnyCPU
		{7B166374-7092-4288-944C-256469A67200}.Release|AnyCPU.ActiveCfg = Release|AnyCPU
		{7B166374-7092-4288-944C-256469A67200}.Release|AnyCPU.Build.0 = Release|AnyCPU
		{7B166374-7092-4288-944C-256469A67200}.Release|x64.ActiveCfg = Release|AnyCPU
		{7B166374-7092-4288-944C-256469A67200}.Release|x64.Build.0 = Release|AnyCPU
		{6DC27E08-9191-4724-8074-C495BD338E1C}.Debug|AnyCPU.ActiveCfg = Debug|AnyCPU
		{6DC27E08-9191-4724-8074-C495BD338E1C}.Debug|AnyCPU.Build.0 = Debug|AnyCPU
		{6DC27E08-9191-4724-8074-C495BD338E1C}.Debug|x64.ActiveCfg = Debug|AnyCPU
		{6DC27E08-9191-4724-8074-C495BD338E1C}.Debug|x64.Build.0 = Debug|AnyCPU
		{6DC27E08-9191-4724-8074-C495BD338E1C}.Release|AnyCPU.ActiveCfg = Release|AnyCPU
		{6DC27E08-9191-4724-8074-C495BD338E1C}.Release|AnyCPU.Build.0 = Release|AnyCPU
		{6DC27E08-9191-4724-8074-C495BD338E1C}.Release|x64.ActiveCfg = Release|AnyCPU
		{6DC27E08-9191-4724-8074-C495BD338E1C}.Release|x64.Build.0 = Release|AnyCPU
		{ACB2E143-2E92-459B-9C24-2C338250F92C}.Debug|AnyCPU.ActiveCfg = Debug|AnyCPU
		{ACB2E143-2E92-459B-9C24-2C338250F92C}.Debug|AnyCPU.Build.0 = Debug|AnyCPU
		{ACB2E143-2E92-459B-9C24-2C338250F92C}.Debug|x64.ActiveCfg = Debug|AnyCPU
		{ACB2E143-2E92-459B-9C24-2C338250F92C}.Debug|x64.Build.0 = Debug|AnyCPU
		{ACB2E143-2E92-459B-9C24-2C338250F92C}.Release|AnyCPU.ActiveCfg = Release|AnyCPU
		{ACB2E143-2E92-459B-9C24-2C338250F92C}.Release|AnyCPU.Build.0 = Release|AnyCPU
		{ACB2E143-2E92-459B-9C24-2C338250F92C}.Release|x64.ActiveCfg = Release|AnyCPU
		{ACB2E143-2E92-459B-9C24-2C338250F92C}.Release|x64.Build.0 = Release|AnyCPU
		{DB666D49-586B-40C9-B8B6-A94BC9EAB459}.Debug|AnyCPU.ActiveCfg = Debug|AnyCPU
		{DB666D49-586B-40C9-B8B6-A94BC9EAB459}.Debug|AnyCPU.Build.0 = Debug|AnyCPU
		{DB666D49-586B-40C9-B8B6-A94BC9EAB459}.Debug|x64.ActiveCfg = Debug|AnyCPU
		{DB666D49-586B-40C9-B8B6-A94BC9EAB459}.Debug|x64.Build.0 = Debug|AnyCPU
		{DB666D49-586B-40C9-B8B6-A94BC9EAB459}.Release|AnyCPU.ActiveCfg = Release|AnyCPU
		{DB666D49-586B-40C9-B8B6-A94BC9EAB459}.Release|AnyCPU.Build.0 = Release|AnyCPU
		{DB666D49-586B-40C9-B8B6-A94BC9EAB459}.Release|x64.ActiveCfg = Release|AnyCPU
		{DB666D49-586B-40C9-B8B6-A94BC9EAB459}.Release|x64.Build.0 = Release|AnyCPU
		{5B046C6D-3590-413E-8617-6AD3DB3D6C81}.Debug|AnyCPU.ActiveCfg = Debug|AnyCPU
		{5B046C6D-3590-413E-8617-6AD3DB3D6C81}.Debug|AnyCPU.Build.0 = Debug|AnyCPU
		{5B046C6D-3590-413E-8617-6AD3DB3D6C81}.Debug|x64.ActiveCfg = Debug|AnyCPU
		{5B046C6D-3590-413E-8617-6AD3DB3D6C81}.Debug|x64.Build.0 = Debug|AnyCPU
		{5B046C6D-3590-413E-8617-6AD3DB3D6C81}.Release|AnyCPU.ActiveCfg = Release|AnyCPU
		{5B046C6D-3590-413E-8617-6AD3DB3D6C81}.Release|AnyCPU.Build.0 = Release|AnyCPU
		{5B046C6D-3590-413E-8617-6AD3DB3D6C81}.Release|x64.ActiveCfg = Release|AnyCPU
		{5B046C6D-3590-413E-8617-6AD3DB3D6C81}.Release|x64.Build.0 = Release|AnyCPU
		{80C729D5-E53D-455C-A4C4-8B49DC721A01}.Debug|AnyCPU.ActiveCfg = Debug|AnyCPU
		{80C729D5-E53D-455C-A4C4-8B49DC721A01}.Debug|AnyCPU.Build.0 = Debug|AnyCPU
		{80C729D5-E53D-455C-A4C4-8B49DC721A01}.Debug|x64.ActiveCfg = Debug|AnyCPU
		{80C729D5-E53D-455C-A4C4-8B49DC721A01}.Debug|x64.Build.0 = Debug|AnyCPU
		{80C729D5-E53D-455C-A4C4-8B49DC721A01}.Release|AnyCPU.ActiveCfg = Release|AnyCPU
		{80C729D5-E53D-455C-A4C4-8B49DC721A01}.Release|AnyCPU.Build.0 = Release|AnyCPU
		{80C729D5-E53D-455C-A4C4-8B49DC721A01}.Release|x64.ActiveCfg = Release|AnyCPU
		{80C729D5-E53D-455C-A4C4-8B49DC721A01}.Release|x64.Build.0 = Release|AnyCPU
		{F85A39EC-3DD4-4635-BE2F-9D9570CA6738}.Debug|AnyCPU.ActiveCfg = Debug|AnyCPU
		{F85A39EC-3DD4-4635-BE2F-9D9570CA6738}.Debug|AnyCPU.Build.0 = Debug|AnyCPU
		{F85A39EC-3DD4-4635-BE2F-9D9570CA6738}.Debug|x64.ActiveCfg = Debug|AnyCPU
		{F85A39EC-3DD4-4635-BE2F-9D9570CA6738}.Debug|x64.Build.0 = Debug|AnyCPU
		{F85A39EC-3DD4-4635-BE2F-9D9570CA6738}.Release|AnyCPU.ActiveCfg = Release|AnyCPU
		{F85A39EC-3DD4-4635-BE2F-9D9570CA6738}.Release|AnyCPU.Build.0 = Release|AnyCPU
		{F85A39EC-3DD4-4635-BE2F-9D9570CA6738}.Release|x64.ActiveCfg = Release|AnyCPU
		{F85A39EC-3DD4-4635-BE2F-9D9570CA6738}.Release|x64.Build.0 = Release|AnyCPU
		{9C4EC389-F6D3-4FDE-90FC-5D99FCB66C0D}.Debug|AnyCPU.ActiveCfg = Debug|AnyCPU
		{9C4EC389-F6D3-4FDE-90FC-5D99FCB66C0D}.Debug|AnyCPU.Build.0 = Debug|AnyCPU
		{9C4EC389-F6D3-4FDE-90FC-5D99FCB66C0D}.Debug|x64.ActiveCfg = Debug|AnyCPU
		{9C4EC389-F6D3-4FDE-90FC-5D99FCB66C0D}.Debug|x64.Build.0 = Debug|AnyCPU
		{9C4EC389-F6D3-4FDE-90FC-5D99FCB66C0D}.Release|AnyCPU.ActiveCfg = Release|AnyCPU
		{9C4EC389-F6D3-4FDE-90FC-5D99FCB66C0D}.Release|AnyCPU.Build.0 = Release|AnyCPU
		{9C4EC389-F6D3-4FDE-90FC-5D99FCB66C0D}.Release|x64.ActiveCfg = Release|AnyCPU
		{9C4EC389-F6D3-4FDE-90FC-5D99FCB66C0D}.Release|x64.Build.0 = Release|AnyCPU
		{1CCDE8AD-C64E-462B-A926-E9EE1F148781}.Debug|AnyCPU.ActiveCfg = Debug|AnyCPU
		{1CCDE8AD-C64E-462B-A926-E9EE1F148781}.Debug|AnyCPU.Build.0 = Debug|AnyCPU
		{1CCDE8AD-C64E-462B-A926-E9EE1F148781}.Debug|x64.ActiveCfg = Debug|AnyCPU
		{1CCDE8AD-C64E-462B-A926-E9EE1F148781}.Debug|x64.Build.0 = Debug|AnyCPU
		{1CCDE8AD-C64E-462B-A926-E9EE1F148781}.Release|AnyCPU.ActiveCfg = Release|AnyCPU
		{1CCDE8AD-C64E-462B-A926-E9EE1F148781}.Release|AnyCPU.Build.0 = Release|AnyCPU
		{1CCDE8AD-C64E-462B-A926-E9EE1F148781}.Release|x64.ActiveCfg = Release|AnyCPU
		{1CCDE8AD-C64E-462B-A926-E9EE1F148781}.Release|x64.Build.0 = Release|AnyCPU
		{DC5E5516-F5E1-4D29-A7D6-0F8578A76B86}.Debug|AnyCPU.ActiveCfg = Debug|x64
		{DC5E5516-F5E1-4D29-A7D6-0F8578A76B86}.Debug|AnyCPU.Build.0 = Debug|x64
		{DC5E5516-F5E1-4D29-A7D6-0F8578A76B86}.Debug|x64.ActiveCfg = Debug|x64
		{DC5E5516-F5E1-4D29-A7D6-0F8578A76B86}.Debug|x64.Build.0 = Debug|x64
		{DC5E5516-F5E1-4D29-A7D6-0F8578A76B86}.Release|AnyCPU.ActiveCfg = Release|x64
		{DC5E5516-F5E1-4D29-A7D6-0F8578A76B86}.Release|AnyCPU.Build.0 = Release|x64
		{DC5E5516-F5E1-4D29-A7D6-0F8578A76B86}.Release|x64.ActiveCfg = Release|x64
		{DC5E5516-F5E1-4D29-A7D6-0F8578A76B86}.Release|x64.Build.0 = Release|x64
		{4DE47D9A-9301-40E1-B6ED-D5B8C8F912BE}.Debug|AnyCPU.ActiveCfg = Debug|AnyCPU
		{4DE47D9A-9301-40E1-B6ED-D5B8C8F912BE}.Debug|AnyCPU.Build.0 = Debug|AnyCPU
		{4DE47D9A-9301-40E1-B6ED-D5B8C8F912BE}.Debug|x64.ActiveCfg = Debug|AnyCPU
		{4DE47D9A-9301-40E1-B6ED-D5B8C8F912BE}.Debug|x64.Build.0 = Debug|AnyCPU
		{4DE47D9A-9301-40E1-B6ED-D5B8C8F912BE}.Release|AnyCPU.ActiveCfg = Release|AnyCPU
		{4DE47D9A-9301-40E1-B6ED-D5B8C8F912BE}.Release|AnyCPU.Build.0 = Release|AnyCPU
		{4DE47D9A-9301-40E1-B6ED-D5B8C8F912BE}.Release|x64.ActiveCfg = Release|AnyCPU
		{4DE47D9A-9301-40E1-B6ED-D5B8C8F912BE}.Release|x64.Build.0 = Release|AnyCPU
		{447347BC-7998-4EFF-97AD-3DF7413A8E35}.Debug|AnyCPU.ActiveCfg = Debug|x64
		{447347BC-7998-4EFF-97AD-3DF7413A8E35}.Debug|AnyCPU.Build.0 = Debug|x64
		{447347BC-7998-4EFF-97AD-3DF7413A8E35}.Debug|x64.ActiveCfg = Debug|x64
		{447347BC-7998-4EFF-97AD-3DF7413A8E35}.Debug|x64.Build.0 = Debug|x64
		{447347BC-7998-4EFF-97AD-3DF7413A8E35}.Release|AnyCPU.ActiveCfg = Release|x64
		{447347BC-7998-4EFF-97AD-3DF7413A8E35}.Release|AnyCPU.Build.0 = Release|x64
		{447347BC-7998-4EFF-97AD-3DF7413A8E35}.Release|x64.ActiveCfg = Release|x64
		{447347BC-7998-4EFF-97AD-3DF7413A8E35}.Release|x64.Build.0 = Release|x64
		{F3D2F6E7-2D03-4D7C-98E8-798908D98D51}.Debug|AnyCPU.ActiveCfg = Debug|AnyCPU
		{F3D2F6E7-2D03-4D7C-98E8-798908D98D51}.Debug|AnyCPU.Build.0 = Debug|AnyCPU
		{F3D2F6E7-2D03-4D7C-98E8-798908D98D51}.Debug|x64.ActiveCfg = Debug|AnyCPU
		{F3D2F6E7-2D03-4D7C-98E8-798908D98D51}.Debug|x64.Build.0 = Debug|AnyCPU
		{F3D2F6E7-2D03-4D7C-98E8-798908D98D51}.Release|AnyCPU.ActiveCfg = Release|AnyCPU
		{F3D2F6E7-2D03-4D7C-98E8-798908D98D51}.Release|AnyCPU.Build.0 = Release|AnyCPU
		{F3D2F6E7-2D03-4D7C-98E8-798908D98D51}.Release|x64.ActiveCfg = Release|AnyCPU
		{F3D2F6E7-2D03-4D7C-98E8-798908D98D51}.Release|x64.Build.0 = Release|AnyCPU
		{8B593E2D-F67B-4ED0-ACB3-B1BA798E3CC3}.Debug|AnyCPU.ActiveCfg = Debug|AnyCPU
		{8B593E2D-F67B-4ED0-ACB3-B1BA798E3CC3}.Debug|AnyCPU.Build.0 = Debug|AnyCPU
		{8B593E2D-F67B-4ED0-ACB3-B1BA798E3CC3}.Debug|x64.ActiveCfg = Debug|AnyCPU
		{8B593E2D-F67B-4ED0-ACB3-B1BA798E3CC3}.Debug|x64.Build.0 = Debug|AnyCPU
		{8B593E2D-F67B-4ED0-ACB3-B1BA798E3CC3}.Release|AnyCPU.ActiveCfg = Release|AnyCPU
		{8B593E2D-F67B-4ED0-ACB3-B1BA798E3CC3}.Release|AnyCPU.Build.0 = Release|AnyCPU
		{8B593E2D-F67B-4ED0-ACB3-B1BA798E3CC3}.Release|x64.ActiveCfg = Release|AnyCPU
		{8B593E2D-F67B-4ED0-ACB3-B1BA798E3CC3}.Release|x64.Build.0 = Release|AnyCPU
		{8CD3055E-4289-467D-9D84-B06F407EAB3D}.Debug|AnyCPU.ActiveCfg = Debug|x64
		{8CD3055E-4289-467D-9D84-B06F407EAB3D}.Debug|AnyCPU.Build.0 = Debug|x64
		{8CD3055E-4289-467D-9D84-B06F407EAB3D}.Debug|x64.ActiveCfg = Debug|x64
		{8CD3055E-4289-467D-9D84-B06F407EAB3D}.Debug|x64.Build.0 = Debug|x64
		{8CD3055E-4289-467D-9D84-B06F407EAB3D}.Release|AnyCPU.ActiveCfg = Release|x64
		{8CD3055E-4289-467D-9D84-B06F407EAB3D}.Release|AnyCPU.Build.0 = Release|x64
		{8CD3055E-4289-467D-9D84-B06F407EAB3D}.Release|x64.ActiveCfg = Release|x64
		{8CD3055E-4289-467D-9D84-B06F407EAB3D}.Release|x64.Build.0 = Release|x64
		{712B8583-9AF7-4E21-B95E-1CAF3BE772D9}.Debug|AnyCPU.ActiveCfg = Debug|x64
		{712B8583-9AF7-4E21-B95E-1CAF3BE772D9}.Debug|AnyCPU.Build.0 = Debug|x64
		{712B8583-9AF7-4E21-B95E-1CAF3BE772D9}.Debug|x64.ActiveCfg = Debug|x64
		{712B8583-9AF7-4E21-B95E-1CAF3BE772D9}.Debug|x64.Build.0 = Debug|x64
		{712B8583-9AF7-4E21-B95E-1CAF3BE772D9}.Release|AnyCPU.ActiveCfg = Release|x64
		{712B8583-9AF7-4E21-B95E-1CAF3BE772D9}.Release|AnyCPU.Build.0 = Release|x64
		{712B8583-9AF7-4E21-B95E-1CAF3BE772D9}.Release|x64.ActiveCfg = Release|x64
		{712B8583-9AF7-4E21-B95E-1CAF3BE772D9}.Release|x64.Build.0 = Release|x64
		{EAC1894E-3322-4BA3-BD58-5C594FB324BC}.Debug|AnyCPU.ActiveCfg = Debug|AnyCPU
		{EAC1894E-3322-4BA3-BD58-5C594FB324BC}.Debug|AnyCPU.Build.0 = Debug|AnyCPU
		{EAC1894E-3322-4BA3-BD58-5C594FB324BC}.Debug|x64.ActiveCfg = Debug|AnyCPU
		{EAC1894E-3322-4BA3-BD58-5C594FB324BC}.Debug|x64.Build.0 = Debug|AnyCPU
		{EAC1894E-3322-4BA3-BD58-5C594FB324BC}.Release|AnyCPU.ActiveCfg = Release|AnyCPU
		{EAC1894E-3322-4BA3-BD58-5C594FB324BC}.Release|AnyCPU.Build.0 = Release|AnyCPU
		{EAC1894E-3322-4BA3-BD58-5C594FB324BC}.Release|x64.ActiveCfg = Release|AnyCPU
		{EAC1894E-3322-4BA3-BD58-5C594FB324BC}.Release|x64.Build.0 = Release|AnyCPU
		{F225475D-62C2-41DF-88FA-FFAE02910852}.Debug|AnyCPU.ActiveCfg = Debug|AnyCPU
		{F225475D-62C2-41DF-88FA-FFAE02910852}.Debug|AnyCPU.Build.0 = Debug|AnyCPU
		{F225475D-62C2-41DF-88FA-FFAE02910852}.Debug|x64.ActiveCfg = Debug|AnyCPU
		{F225475D-62C2-41DF-88FA-FFAE02910852}.Debug|x64.Build.0 = Debug|AnyCPU
		{F225475D-62C2-41DF-88FA-FFAE02910852}.Release|AnyCPU.ActiveCfg = Release|AnyCPU
		{F225475D-62C2-41DF-88FA-FFAE02910852}.Release|AnyCPU.Build.0 = Release|AnyCPU
		{F225475D-62C2-41DF-88FA-FFAE02910852}.Release|x64.ActiveCfg = Release|AnyCPU
		{F225475D-62C2-41DF-88FA-FFAE02910852}.Release|x64.Build.0 = Release|AnyCPU
		{FF325864-605D-4FF2-B729-1F386920B556}.Debug|AnyCPU.ActiveCfg = Debug|AnyCPU
		{FF325864-605D-4FF2-B729-1F386920B556}.Debug|AnyCPU.Build.0 = Debug|AnyCPU
		{FF325864-605D-4FF2-B729-1F386920B556}.Debug|x64.ActiveCfg = Debug|AnyCPU
		{FF325864-605D-4FF2-B729-1F386920B556}.Debug|x64.Build.0 = Debug|AnyCPU
		{FF325864-605D-4FF2-B729-1F386920B556}.Release|AnyCPU.ActiveCfg = Release|AnyCPU
		{FF325864-605D-4FF2-B729-1F386920B556}.Release|AnyCPU.Build.0 = Release|AnyCPU
		{FF325864-605D-4FF2-B729-1F386920B556}.Release|x64.ActiveCfg = Release|AnyCPU
		{FF325864-605D-4FF2-B729-1F386920B556}.Release|x64.Build.0 = Release|AnyCPU
		{A1A27D2F-F2C8-4DFA-9AF9-7C93F30B5825}.Debug|AnyCPU.ActiveCfg = Debug|AnyCPU
		{A1A27D2F-F2C8-4DFA-9AF9-7C93F30B5825}.Debug|AnyCPU.Build.0 = Debug|AnyCPU
		{A1A27D2F-F2C8-4DFA-9AF9-7C93F30B5825}.Debug|x64.ActiveCfg = Debug|AnyCPU
		{A1A27D2F-F2C8-4DFA-9AF9-7C93F30B5825}.Debug|x64.Build.0 = Debug|AnyCPU
		{A1A27D2F-F2C8-4DFA-9AF9-7C93F30B5825}.Release|AnyCPU.ActiveCfg = Release|AnyCPU
		{A1A27D2F-F2C8-4DFA-9AF9-7C93F30B5825}.Release|AnyCPU.Build.0 = Release|AnyCPU
		{A1A27D2F-F2C8-4DFA-9AF9-7C93F30B5825}.Release|x64.ActiveCfg = Release|AnyCPU
		{A1A27D2F-F2C8-4DFA-9AF9-7C93F30B5825}.Release|x64.Build.0 = Release|AnyCPU
		{354E493F-9647-4C5B-8402-F4A6FDC375AF}.Debug|AnyCPU.ActiveCfg = Debug|AnyCPU
		{354E493F-9647-4C5B-8402-F4A6FDC375AF}.Debug|AnyCPU.Build.0 = Debug|AnyCPU
		{354E493F-9647-4C5B-8402-F4A6FDC375AF}.Debug|x64.ActiveCfg = Debug|AnyCPU
		{354E493F-9647-4C5B-8402-F4A6FDC375AF}.Debug|x64.Build.0 = Debug|AnyCPU
		{354E493F-9647-4C5B-8402-F4A6FDC375AF}.Release|AnyCPU.ActiveCfg = Release|AnyCPU
		{354E493F-9647-4C5B-8402-F4A6FDC375AF}.Release|AnyCPU.Build.0 = Release|AnyCPU
		{354E493F-9647-4C5B-8402-F4A6FDC375AF}.Release|x64.ActiveCfg = Release|AnyCPU
		{354E493F-9647-4C5B-8402-F4A6FDC375AF}.Release|x64.Build.0 = Release|AnyCPU
		{C2EB8BF5-4EB3-4843-945B-0A43C9B93C34}.Debug|AnyCPU.ActiveCfg = Debug|AnyCPU
		{C2EB8BF5-4EB3-4843-945B-0A43C9B93C34}.Debug|AnyCPU.Build.0 = Debug|AnyCPU
		{C2EB8BF5-4EB3-4843-945B-0A43C9B93C34}.Debug|x64.ActiveCfg = Debug|AnyCPU
		{C2EB8BF5-4EB3-4843-945B-0A43C9B93C34}.Debug|x64.Build.0 = Debug|AnyCPU
		{C2EB8BF5-4EB3-4843-945B-0A43C9B93C34}.Release|AnyCPU.ActiveCfg = Release|AnyCPU
		{C2EB8BF5-4EB3-4843-945B-0A43C9B93C34}.Release|AnyCPU.Build.0 = Release|AnyCPU
		{C2EB8BF5-4EB3-4843-945B-0A43C9B93C34}.Release|x64.ActiveCfg = Release|AnyCPU
		{C2EB8BF5-4EB3-4843-945B-0A43C9B93C34}.Release|x64.Build.0 = Release|AnyCPU
		{41FC8235-D12B-4B81-AF9D-6C7389ADE98B}.Debug|AnyCPU.ActiveCfg = Debug|AnyCPU
		{41FC8235-D12B-4B81-AF9D-6C7389ADE98B}.Debug|AnyCPU.Build.0 = Debug|AnyCPU
		{41FC8235-D12B-4B81-AF9D-6C7389ADE98B}.Debug|x64.ActiveCfg = Debug|AnyCPU
		{41FC8235-D12B-4B81-AF9D-6C7389ADE98B}.Debug|x64.Build.0 = Debug|AnyCPU
		{41FC8235-D12B-4B81-AF9D-6C7389ADE98B}.Release|AnyCPU.ActiveCfg = Release|AnyCPU
		{41FC8235-D12B-4B81-AF9D-6C7389ADE98B}.Release|AnyCPU.Build.0 = Release|AnyCPU
		{41FC8235-D12B-4B81-AF9D-6C7389ADE98B}.Release|x64.ActiveCfg = Release|AnyCPU
		{41FC8235-D12B-4B81-AF9D-6C7389ADE98B}.Release|x64.Build.0 = Release|AnyCPU
		{E578DB3D-830E-4351-AD14-828F436EA00D}.Debug|AnyCPU.ActiveCfg = Debug|AnyCPU
		{E578DB3D-830E-4351-AD14-828F436EA00D}.Debug|AnyCPU.Build.0 = Debug|AnyCPU
		{E578DB3D-830E-4351-AD14-828F436EA00D}.Debug|x64.ActiveCfg = Debug|AnyCPU
		{E578DB3D-830E-4351-AD14-828F436EA00D}.Debug|x64.Build.0 = Debug|AnyCPU
		{E578DB3D-830E-4351-AD14-828F436EA00D}.Release|AnyCPU.ActiveCfg = Release|AnyCPU
		{E578DB3D-830E-4351-AD14-828F436EA00D}.Release|AnyCPU.Build.0 = Release|AnyCPU
		{E578DB3D-830E-4351-AD14-828F436EA00D}.Release|x64.ActiveCfg = Release|AnyCPU
		{E578DB3D-830E-4351-AD14-828F436EA00D}.Release|x64.Build.0 = Release|AnyCPU
		{F8D1B03C-ED55-483B-9863-783F2D761A2C}.Debug|AnyCPU.ActiveCfg = Debug|AnyCPU
		{F8D1B03C-ED55-483B-9863-783F2D761A2C}.Debug|AnyCPU.Build.0 = Debug|AnyCPU
		{F8D1B03C-ED55-483B-9863-783F2D761A2C}.Debug|x64.ActiveCfg = Debug|AnyCPU
		{F8D1B03C-ED55-483B-9863-783F2D761A2C}.Debug|x64.Build.0 = Debug|AnyCPU
		{F8D1B03C-ED55-483B-9863-783F2D761A2C}.Release|AnyCPU.ActiveCfg = Release|AnyCPU
		{F8D1B03C-ED55-483B-9863-783F2D761A2C}.Release|AnyCPU.Build.0 = Release|AnyCPU
		{F8D1B03C-ED55-483B-9863-783F2D761A2C}.Release|x64.ActiveCfg = Release|AnyCPU
		{F8D1B03C-ED55-483B-9863-783F2D761A2C}.Release|x64.Build.0 = Release|AnyCPU
		{D5E2213A-DC03-4EF0-A3C7-133C289FD13C}.Debug|AnyCPU.ActiveCfg = Debug|AnyCPU
		{D5E2213A-DC03-4EF0-A3C7-133C289FD13C}.Debug|AnyCPU.Build.0 = Debug|AnyCPU
		{D5E2213A-DC03-4EF0-A3C7-133C289FD13C}.Debug|x64.ActiveCfg = Debug|AnyCPU
		{D5E2213A-DC03-4EF0-A3C7-133C289FD13C}.Debug|x64.Build.0 = Debug|AnyCPU
		{D5E2213A-DC03-4EF0-A3C7-133C289FD13C}.Release|AnyCPU.ActiveCfg = Release|AnyCPU
		{D5E2213A-DC03-4EF0-A3C7-133C289FD13C}.Release|AnyCPU.Build.0 = Release|AnyCPU
		{D5E2213A-DC03-4EF0-A3C7-133C289FD13C}.Release|x64.ActiveCfg = Release|AnyCPU
		{D5E2213A-DC03-4EF0-A3C7-133C289FD13C}.Release|x64.Build.0 = Release|AnyCPU
		{9413C270-6C94-4078-9E84-0DAA607C5E29}.Debug|AnyCPU.ActiveCfg = Debug|x64
		{9413C270-6C94-4078-9E84-0DAA607C5E29}.Debug|AnyCPU.Build.0 = Debug|x64
		{9413C270-6C94-4078-9E84-0DAA607C5E29}.Debug|x64.ActiveCfg = Debug|x64
		{9413C270-6C94-4078-9E84-0DAA607C5E29}.Debug|x64.Build.0 = Debug|x64
		{9413C270-6C94-4078-9E84-0DAA607C5E29}.Release|AnyCPU.ActiveCfg = Release|x64
		{9413C270-6C94-4078-9E84-0DAA607C5E29}.Release|AnyCPU.Build.0 = Release|x64
		{9413C270-6C94-4078-9E84-0DAA607C5E29}.Release|x64.ActiveCfg = Release|x64
		{9413C270-6C94-4078-9E84-0DAA607C5E29}.Release|x64.Build.0 = Release|x64
		{50156330-DFA2-47D3-A86B-910E5D499B94}.Debug|AnyCPU.ActiveCfg = Debug|AnyCPU
		{50156330-DFA2-47D3-A86B-910E5D499B94}.Debug|AnyCPU.Build.0 = Debug|AnyCPU
		{50156330-DFA2-47D3-A86B-910E5D499B94}.Debug|x64.ActiveCfg = Debug|AnyCPU
		{50156330-DFA2-47D3-A86B-910E5D499B94}.Debug|x64.Build.0 = Debug|AnyCPU
		{50156330-DFA2-47D3-A86B-910E5D499B94}.Release|AnyCPU.ActiveCfg = Release|AnyCPU
		{50156330-DFA2-47D3-A86B-910E5D499B94}.Release|AnyCPU.Build.0 = Release|AnyCPU
		{50156330-DFA2-47D3-A86B-910E5D499B94}.Release|x64.ActiveCfg = Release|AnyCPU
		{50156330-DFA2-47D3-A86B-910E5D499B94}.Release|x64.Build.0 = Release|AnyCPU
		{5B1B7AAF-245B-4325-BEEF-80F3D6ABA06B}.Debug|AnyCPU.ActiveCfg = Debug|AnyCPU
		{5B1B7AAF-245B-4325-BEEF-80F3D6ABA06B}.Debug|AnyCPU.Build.0 = Debug|AnyCPU
		{5B1B7AAF-245B-4325-BEEF-80F3D6ABA06B}.Debug|x64.ActiveCfg = Debug|AnyCPU
		{5B1B7AAF-245B-4325-BEEF-80F3D6ABA06B}.Debug|x64.Build.0 = Debug|AnyCPU
		{5B1B7AAF-245B-4325-BEEF-80F3D6ABA06B}.Release|AnyCPU.ActiveCfg = Release|AnyCPU
		{5B1B7AAF-245B-4325-BEEF-80F3D6ABA06B}.Release|AnyCPU.Build.0 = Release|AnyCPU
		{5B1B7AAF-245B-4325-BEEF-80F3D6ABA06B}.Release|x64.ActiveCfg = Release|AnyCPU
		{5B1B7AAF-245B-4325-BEEF-80F3D6ABA06B}.Release|x64.Build.0 = Release|AnyCPU
		{720A9B01-9EC5-4DDB-B695-04D0B13A9344}.Debug|AnyCPU.ActiveCfg = Debug|AnyCPU
		{720A9B01-9EC5-4DDB-B695-04D0B13A9344}.Debug|AnyCPU.Build.0 = Debug|AnyCPU
		{720A9B01-9EC5-4DDB-B695-04D0B13A9344}.Debug|x64.ActiveCfg = Debug|AnyCPU
		{720A9B01-9EC5-4DDB-B695-04D0B13A9344}.Debug|x64.Build.0 = Debug|AnyCPU
		{720A9B01-9EC5-4DDB-B695-04D0B13A9344}.Release|AnyCPU.ActiveCfg = Release|AnyCPU
		{720A9B01-9EC5-4DDB-B695-04D0B13A9344}.Release|AnyCPU.Build.0 = Release|AnyCPU
		{720A9B01-9EC5-4DDB-B695-04D0B13A9344}.Release|x64.ActiveCfg = Release|AnyCPU
		{720A9B01-9EC5-4DDB-B695-04D0B13A9344}.Release|x64.Build.0 = Release|AnyCPU
		{38FBF149-A105-420E-BAED-C69E680EBE5E}.Debug|AnyCPU.ActiveCfg = Debug|AnyCPU
		{38FBF149-A105-420E-BAED-C69E680EBE5E}.Debug|AnyCPU.Build.0 = Debug|AnyCPU
		{38FBF149-A105-420E-BAED-C69E680EBE5E}.Debug|x64.ActiveCfg = Debug|AnyCPU
		{38FBF149-A105-420E-BAED-C69E680EBE5E}.Debug|x64.Build.0 = Debug|AnyCPU
		{38FBF149-A105-420E-BAED-C69E680EBE5E}.Release|AnyCPU.ActiveCfg = Release|AnyCPU
		{38FBF149-A105-420E-BAED-C69E680EBE5E}.Release|AnyCPU.Build.0 = Release|AnyCPU
		{38FBF149-A105-420E-BAED-C69E680EBE5E}.Release|x64.ActiveCfg = Release|AnyCPU
		{38FBF149-A105-420E-BAED-C69E680EBE5E}.Release|x64.Build.0 = Release|AnyCPU
		{15EB40DF-1C3E-494C-96B9-D63E22DBDDC0}.Debug|AnyCPU.ActiveCfg = Debug|AnyCPU
		{15EB40DF-1C3E-494C-96B9-D63E22DBDDC0}.Debug|AnyCPU.Build.0 = Debug|AnyCPU
		{15EB40DF-1C3E-494C-96B9-D63E22DBDDC0}.Debug|x64.ActiveCfg = Debug|AnyCPU
		{15EB40DF-1C3E-494C-96B9-D63E22DBDDC0}.Debug|x64.Build.0 = Debug|AnyCPU
		{15EB40DF-1C3E-494C-96B9-D63E22DBDDC0}.Release|AnyCPU.ActiveCfg = Release|AnyCPU
		{15EB40DF-1C3E-494C-96B9-D63E22DBDDC0}.Release|AnyCPU.Build.0 = Release|AnyCPU
		{15EB40DF-1C3E-494C-96B9-D63E22DBDDC0}.Release|x64.ActiveCfg = Release|AnyCPU
		{15EB40DF-1C3E-494C-96B9-D63E22DBDDC0}.Release|x64.Build.0 = Release|AnyCPU
		{87E4A868-2F20-429B-958C-243107D32CE4}.Debug|AnyCPU.ActiveCfg = Debug|AnyCPU
		{87E4A868-2F20-429B-958C-243107D32CE4}.Debug|AnyCPU.Build.0 = Debug|AnyCPU
		{87E4A868-2F20-429B-958C-243107D32CE4}.Debug|x64.ActiveCfg = Debug|AnyCPU
		{87E4A868-2F20-429B-958C-243107D32CE4}.Debug|x64.Build.0 = Debug|AnyCPU
		{87E4A868-2F20-429B-958C-243107D32CE4}.Release|AnyCPU.ActiveCfg = Release|AnyCPU
		{87E4A868-2F20-429B-958C-243107D32CE4}.Release|AnyCPU.Build.0 = Release|AnyCPU
		{87E4A868-2F20-429B-958C-243107D32CE4}.Release|x64.ActiveCfg = Release|AnyCPU
		{87E4A868-2F20-429B-958C-243107D32CE4}.Release|x64.Build.0 = Release|AnyCPU
		{C96EE209-4C13-4DEB-BE79-5DBF05DDEAF4}.Debug|AnyCPU.ActiveCfg = Debug|AnyCPU
		{C96EE209-4C13-4DEB-BE79-5DBF05DDEAF4}.Debug|AnyCPU.Build.0 = Debug|AnyCPU
		{C96EE209-4C13-4DEB-BE79-5DBF05DDEAF4}.Debug|x64.ActiveCfg = Debug|AnyCPU
		{C96EE209-4C13-4DEB-BE79-5DBF05DDEAF4}.Debug|x64.Build.0 = Debug|AnyCPU
		{C96EE209-4C13-4DEB-BE79-5DBF05DDEAF4}.Release|AnyCPU.ActiveCfg = Release|AnyCPU
		{C96EE209-4C13-4DEB-BE79-5DBF05DDEAF4}.Release|AnyCPU.Build.0 = Release|AnyCPU
		{C96EE209-4C13-4DEB-BE79-5DBF05DDEAF4}.Release|x64.ActiveCfg = Release|AnyCPU
		{C96EE209-4C13-4DEB-BE79-5DBF05DDEAF4}.Release|x64.Build.0 = Release|AnyCPU
		{AC78C3CF-1A7C-47FE-AE87-86A542BE8E91}.Debug|AnyCPU.ActiveCfg = Debug|AnyCPU
		{AC78C3CF-1A7C-47FE-AE87-86A542BE8E91}.Debug|AnyCPU.Build.0 = Debug|AnyCPU
		{AC78C3CF-1A7C-47FE-AE87-86A542BE8E91}.Debug|x64.ActiveCfg = Debug|AnyCPU
		{AC78C3CF-1A7C-47FE-AE87-86A542BE8E91}.Debug|x64.Build.0 = Debug|AnyCPU
		{AC78C3CF-1A7C-47FE-AE87-86A542BE8E91}.Release|AnyCPU.ActiveCfg = Release|AnyCPU
		{AC78C3CF-1A7C-47FE-AE87-86A542BE8E91}.Release|AnyCPU.Build.0 = Release|AnyCPU
		{AC78C3CF-1A7C-47FE-AE87-86A542BE8E91}.Release|x64.ActiveCfg = Release|AnyCPU
		{AC78C3CF-1A7C-47FE-AE87-86A542BE8E91}.Release|x64.Build.0 = Release|AnyCPU
		{E918A9A2-E172-44A0-9ECE-ECA3106A30B5}.Debug|AnyCPU.ActiveCfg = Debug|AnyCPU
		{E918A9A2-E172-44A0-9ECE-ECA3106A30B5}.Debug|AnyCPU.Build.0 = Debug|AnyCPU
		{E918A9A2-E172-44A0-9ECE-ECA3106A30B5}.Debug|x64.ActiveCfg = Debug|AnyCPU
		{E918A9A2-E172-44A0-9ECE-ECA3106A30B5}.Debug|x64.Build.0 = Debug|AnyCPU
		{E918A9A2-E172-44A0-9ECE-ECA3106A30B5}.Release|AnyCPU.ActiveCfg = Release|AnyCPU
		{E918A9A2-E172-44A0-9ECE-ECA3106A30B5}.Release|AnyCPU.Build.0 = Release|AnyCPU
		{E918A9A2-E172-44A0-9ECE-ECA3106A30B5}.Release|x64.ActiveCfg = Release|AnyCPU
		{E918A9A2-E172-44A0-9ECE-ECA3106A30B5}.Release|x64.Build.0 = Release|AnyCPU
		{2A1FE90C-BF85-4D8A-B69D-844815AB14ED}.Debug|AnyCPU.ActiveCfg = Debug|AnyCPU
		{2A1FE90C-BF85-4D8A-B69D-844815AB14ED}.Debug|AnyCPU.Build.0 = Debug|AnyCPU
		{2A1FE90C-BF85-4D8A-B69D-844815AB14ED}.Debug|x64.ActiveCfg = Debug|AnyCPU
		{2A1FE90C-BF85-4D8A-B69D-844815AB14ED}.Debug|x64.Build.0 = Debug|AnyCPU
		{2A1FE90C-BF85-4D8A-B69D-844815AB14ED}.Release|AnyCPU.ActiveCfg = Release|AnyCPU
		{2A1FE90C-BF85-4D8A-B69D-844815AB14ED}.Release|AnyCPU.Build.0 = Release|AnyCPU
		{2A1FE90C-BF85-4D8A-B69D-844815AB14ED}.Release|x64.ActiveCfg = Release|AnyCPU
		{2A1FE90C-BF85-4D8A-B69D-844815AB14ED}.Release|x64.Build.0 = Release|AnyCPU
		{F34293E2-8B7C-4610-AE3B-9F2389A146E8}.Debug|AnyCPU.ActiveCfg = Debug|AnyCPU
		{F34293E2-8B7C-4610-AE3B-9F2389A146E8}.Debug|AnyCPU.Build.0 = Debug|AnyCPU
		{F34293E2-8B7C-4610-AE3B-9F2389A146E8}.Debug|x64.ActiveCfg = Debug|AnyCPU
		{F34293E2-8B7C-4610-AE3B-9F2389A146E8}.Debug|x64.Build.0 = Debug|AnyCPU
		{F34293E2-8B7C-4610-AE3B-9F2389A146E8}.Release|AnyCPU.ActiveCfg = Release|AnyCPU
		{F34293E2-8B7C-4610-AE3B-9F2389A146E8}.Release|AnyCPU.Build.0 = Release|AnyCPU
		{F34293E2-8B7C-4610-AE3B-9F2389A146E8}.Release|x64.ActiveCfg = Release|AnyCPU
		{F34293E2-8B7C-4610-AE3B-9F2389A146E8}.Release|x64.Build.0 = Release|AnyCPU
		{A7F8EE3C-80EF-4BEE-B4AB-F3B274BBCEB4}.Debug|AnyCPU.ActiveCfg = Debug|AnyCPU
		{A7F8EE3C-80EF-4BEE-B4AB-F3B274BBCEB4}.Debug|AnyCPU.Build.0 = Debug|AnyCPU
		{A7F8EE3C-80EF-4BEE-B4AB-F3B274BBCEB4}.Debug|x64.ActiveCfg = Debug|AnyCPU
		{A7F8EE3C-80EF-4BEE-B4AB-F3B274BBCEB4}.Debug|x64.Build.0 = Debug|AnyCPU
		{A7F8EE3C-80EF-4BEE-B4AB-F3B274BBCEB4}.Release|AnyCPU.ActiveCfg = Release|AnyCPU
		{A7F8EE3C-80EF-4BEE-B4AB-F3B274BBCEB4}.Release|AnyCPU.Build.0 = Release|AnyCPU
		{A7F8EE3C-80EF-4BEE-B4AB-F3B274BBCEB4}.Release|x64.ActiveCfg = Release|AnyCPU
		{A7F8EE3C-80EF-4BEE-B4AB-F3B274BBCEB4}.Release|x64.Build.0 = Release|AnyCPU
		{E8C4E895-8D64-4301-81FC-FE98C27FB5CE}.Debug|AnyCPU.ActiveCfg = Debug|AnyCPU
		{E8C4E895-8D64-4301-81FC-FE98C27FB5CE}.Debug|AnyCPU.Build.0 = Debug|AnyCPU
		{E8C4E895-8D64-4301-81FC-FE98C27FB5CE}.Debug|x64.ActiveCfg = Debug|AnyCPU
		{E8C4E895-8D64-4301-81FC-FE98C27FB5CE}.Debug|x64.Build.0 = Debug|AnyCPU
		{E8C4E895-8D64-4301-81FC-FE98C27FB5CE}.Release|AnyCPU.ActiveCfg = Release|AnyCPU
		{E8C4E895-8D64-4301-81FC-FE98C27FB5CE}.Release|AnyCPU.Build.0 = Release|AnyCPU
		{E8C4E895-8D64-4301-81FC-FE98C27FB5CE}.Release|x64.ActiveCfg = Release|AnyCPU
		{E8C4E895-8D64-4301-81FC-FE98C27FB5CE}.Release|x64.Build.0 = Release|AnyCPU
		{21B43A4C-9A24-44A4-B57A-E93C360AE1CF}.Debug|AnyCPU.ActiveCfg = Debug|AnyCPU
		{21B43A4C-9A24-44A4-B57A-E93C360AE1CF}.Debug|AnyCPU.Build.0 = Debug|AnyCPU
		{21B43A4C-9A24-44A4-B57A-E93C360AE1CF}.Debug|x64.ActiveCfg = Debug|AnyCPU
		{21B43A4C-9A24-44A4-B57A-E93C360AE1CF}.Debug|x64.Build.0 = Debug|AnyCPU
		{21B43A4C-9A24-44A4-B57A-E93C360AE1CF}.Release|AnyCPU.ActiveCfg = Release|AnyCPU
		{21B43A4C-9A24-44A4-B57A-E93C360AE1CF}.Release|AnyCPU.Build.0 = Release|AnyCPU
		{21B43A4C-9A24-44A4-B57A-E93C360AE1CF}.Release|x64.ActiveCfg = Release|AnyCPU
		{21B43A4C-9A24-44A4-B57A-E93C360AE1CF}.Release|x64.Build.0 = Release|AnyCPU
		{A52B0361-DF25-4B85-B498-4102FF037B71}.Debug|AnyCPU.ActiveCfg = Debug|AnyCPU
		{A52B0361-DF25-4B85-B498-4102FF037B71}.Debug|AnyCPU.Build.0 = Debug|AnyCPU
		{A52B0361-DF25-4B85-B498-4102FF037B71}.Debug|x64.ActiveCfg = Debug|AnyCPU
		{A52B0361-DF25-4B85-B498-4102FF037B71}.Debug|x64.Build.0 = Debug|AnyCPU
		{A52B0361-DF25-4B85-B498-4102FF037B71}.Release|AnyCPU.ActiveCfg = Release|AnyCPU
		{A52B0361-DF25-4B85-B498-4102FF037B71}.Release|AnyCPU.Build.0 = Release|AnyCPU
		{A52B0361-DF25-4B85-B498-4102FF037B71}.Release|x64.ActiveCfg = Release|AnyCPU
		{A52B0361-DF25-4B85-B498-4102FF037B71}.Release|x64.Build.0 = Release|AnyCPU
		{42B0F78A-E6D6-4510-8DFC-DB2145025E19}.Debug|AnyCPU.ActiveCfg = Debug|AnyCPU
		{42B0F78A-E6D6-4510-8DFC-DB2145025E19}.Debug|AnyCPU.Build.0 = Debug|AnyCPU
		{42B0F78A-E6D6-4510-8DFC-DB2145025E19}.Debug|x64.ActiveCfg = Debug|AnyCPU
		{42B0F78A-E6D6-4510-8DFC-DB2145025E19}.Debug|x64.Build.0 = Debug|AnyCPU
		{42B0F78A-E6D6-4510-8DFC-DB2145025E19}.Release|AnyCPU.ActiveCfg = Release|AnyCPU
		{42B0F78A-E6D6-4510-8DFC-DB2145025E19}.Release|AnyCPU.Build.0 = Release|AnyCPU
		{42B0F78A-E6D6-4510-8DFC-DB2145025E19}.Release|x64.ActiveCfg = Release|AnyCPU
		{42B0F78A-E6D6-4510-8DFC-DB2145025E19}.Release|x64.Build.0 = Release|AnyCPU
		{2EC433C5-3E03-4018-A5B9-667676D569ED}.Debug|AnyCPU.ActiveCfg = Debug|x64
		{2EC433C5-3E03-4018-A5B9-667676D569ED}.Debug|AnyCPU.Build.0 = Debug|x64
		{2EC433C5-3E03-4018-A5B9-667676D569ED}.Debug|x64.ActiveCfg = Debug|x64
		{2EC433C5-3E03-4018-A5B9-667676D569ED}.Debug|x64.Build.0 = Debug|x64
		{2EC433C5-3E03-4018-A5B9-667676D569ED}.Release|AnyCPU.ActiveCfg = Release|x64
		{2EC433C5-3E03-4018-A5B9-667676D569ED}.Release|AnyCPU.Build.0 = Release|x64
		{2EC433C5-3E03-4018-A5B9-667676D569ED}.Release|x64.ActiveCfg = Release|x64
		{2EC433C5-3E03-4018-A5B9-667676D569ED}.Release|x64.Build.0 = Release|x64
		{2B027459-CE79-4F21-9384-85B7895991D2}.Debug|AnyCPU.ActiveCfg = Debug|AnyCPU
		{2B027459-CE79-4F21-9384-85B7895991D2}.Debug|AnyCPU.Build.0 = Debug|AnyCPU
		{2B027459-CE79-4F21-9384-85B7895991D2}.Debug|x64.ActiveCfg = Debug|AnyCPU
		{2B027459-CE79-4F21-9384-85B7895991D2}.Debug|x64.Build.0 = Debug|AnyCPU
		{2B027459-CE79-4F21-9384-85B7895991D2}.Release|AnyCPU.ActiveCfg = Release|AnyCPU
		{2B027459-CE79-4F21-9384-85B7895991D2}.Release|AnyCPU.Build.0 = Release|AnyCPU
		{2B027459-CE79-4F21-9384-85B7895991D2}.Release|x64.ActiveCfg = Release|AnyCPU
		{2B027459-CE79-4F21-9384-85B7895991D2}.Release|x64.Build.0 = Release|AnyCPU
		{5A34E4C5-A78C-4C7C-84DB-1DA1AD542D49}.Debug|AnyCPU.ActiveCfg = Debug|AnyCPU
		{5A34E4C5-A78C-4C7C-84DB-1DA1AD542D49}.Debug|AnyCPU.Build.0 = Debug|AnyCPU
		{5A34E4C5-A78C-4C7C-84DB-1DA1AD542D49}.Debug|x64.ActiveCfg = Debug|AnyCPU
		{5A34E4C5-A78C-4C7C-84DB-1DA1AD542D49}.Debug|x64.Build.0 = Debug|AnyCPU
		{5A34E4C5-A78C-4C7C-84DB-1DA1AD542D49}.Release|AnyCPU.ActiveCfg = Release|AnyCPU
		{5A34E4C5-A78C-4C7C-84DB-1DA1AD542D49}.Release|AnyCPU.Build.0 = Release|AnyCPU
		{5A34E4C5-A78C-4C7C-84DB-1DA1AD542D49}.Release|x64.ActiveCfg = Release|AnyCPU
		{5A34E4C5-A78C-4C7C-84DB-1DA1AD542D49}.Release|x64.Build.0 = Release|AnyCPU
		{A809F2D9-73F0-49BB-BB0D-CD2AD56DBF79}.Debug|AnyCPU.ActiveCfg = Debug|AnyCPU
		{A809F2D9-73F0-49BB-BB0D-CD2AD56DBF79}.Debug|AnyCPU.Build.0 = Debug|AnyCPU
		{A809F2D9-73F0-49BB-BB0D-CD2AD56DBF79}.Debug|x64.ActiveCfg = Debug|AnyCPU
		{A809F2D9-73F0-49BB-BB0D-CD2AD56DBF79}.Debug|x64.Build.0 = Debug|AnyCPU
		{A809F2D9-73F0-49BB-BB0D-CD2AD56DBF79}.Release|AnyCPU.ActiveCfg = Release|AnyCPU
		{A809F2D9-73F0-49BB-BB0D-CD2AD56DBF79}.Release|AnyCPU.Build.0 = Release|AnyCPU
		{A809F2D9-73F0-49BB-BB0D-CD2AD56DBF79}.Release|x64.ActiveCfg = Release|AnyCPU
		{A809F2D9-73F0-49BB-BB0D-CD2AD56DBF79}.Release|x64.Build.0 = Release|AnyCPU
		{4375053A-D228-48ED-8171-F09EFD91F4D7}.Debug|AnyCPU.ActiveCfg = Debug|AnyCPU
		{4375053A-D228-48ED-8171-F09EFD91F4D7}.Debug|AnyCPU.Build.0 = Debug|AnyCPU
		{4375053A-D228-48ED-8171-F09EFD91F4D7}.Debug|x64.ActiveCfg = Debug|AnyCPU
		{4375053A-D228-48ED-8171-F09EFD91F4D7}.Debug|x64.Build.0 = Debug|AnyCPU
		{4375053A-D228-48ED-8171-F09EFD91F4D7}.Release|AnyCPU.ActiveCfg = Release|AnyCPU
		{4375053A-D228-48ED-8171-F09EFD91F4D7}.Release|AnyCPU.Build.0 = Release|AnyCPU
		{4375053A-D228-48ED-8171-F09EFD91F4D7}.Release|x64.ActiveCfg = Release|AnyCPU
		{4375053A-D228-48ED-8171-F09EFD91F4D7}.Release|x64.Build.0 = Release|AnyCPU
		{8AC195C3-8047-4E1F-968C-8BEC4EBC5C52}.Debug|AnyCPU.ActiveCfg = Debug|AnyCPU
		{8AC195C3-8047-4E1F-968C-8BEC4EBC5C52}.Debug|AnyCPU.Build.0 = Debug|AnyCPU
		{8AC195C3-8047-4E1F-968C-8BEC4EBC5C52}.Debug|x64.ActiveCfg = Debug|AnyCPU
		{8AC195C3-8047-4E1F-968C-8BEC4EBC5C52}.Debug|x64.Build.0 = Debug|AnyCPU
		{8AC195C3-8047-4E1F-968C-8BEC4EBC5C52}.Release|AnyCPU.ActiveCfg = Release|AnyCPU
		{8AC195C3-8047-4E1F-968C-8BEC4EBC5C52}.Release|AnyCPU.Build.0 = Release|AnyCPU
		{8AC195C3-8047-4E1F-968C-8BEC4EBC5C52}.Release|x64.ActiveCfg = Release|AnyCPU
		{8AC195C3-8047-4E1F-968C-8BEC4EBC5C52}.Release|x64.Build.0 = Release|AnyCPU
		{9F5F2FFC-EF6E-474F-9A19-ACC55FA999DC}.Debug|AnyCPU.ActiveCfg = Debug|AnyCPU
		{9F5F2FFC-EF6E-474F-9A19-ACC55FA999DC}.Debug|AnyCPU.Build.0 = Debug|AnyCPU
		{9F5F2FFC-EF6E-474F-9A19-ACC55FA999DC}.Debug|x64.ActiveCfg = Debug|AnyCPU
		{9F5F2FFC-EF6E-474F-9A19-ACC55FA999DC}.Debug|x64.Build.0 = Debug|AnyCPU
		{9F5F2FFC-EF6E-474F-9A19-ACC55FA999DC}.Release|AnyCPU.ActiveCfg = Release|AnyCPU
		{9F5F2FFC-EF6E-474F-9A19-ACC55FA999DC}.Release|AnyCPU.Build.0 = Release|AnyCPU
		{9F5F2FFC-EF6E-474F-9A19-ACC55FA999DC}.Release|x64.ActiveCfg = Release|AnyCPU
		{9F5F2FFC-EF6E-474F-9A19-ACC55FA999DC}.Release|x64.Build.0 = Release|AnyCPU
		{31D730A0-EB67-4323-88A3-07EB1194B5BF}.Debug|AnyCPU.ActiveCfg = Debug|AnyCPU
		{31D730A0-EB67-4323-88A3-07EB1194B5BF}.Debug|AnyCPU.Build.0 = Debug|AnyCPU
		{31D730A0-EB67-4323-88A3-07EB1194B5BF}.Debug|x64.ActiveCfg = Debug|AnyCPU
		{31D730A0-EB67-4323-88A3-07EB1194B5BF}.Debug|x64.Build.0 = Debug|AnyCPU
		{31D730A0-EB67-4323-88A3-07EB1194B5BF}.Release|AnyCPU.ActiveCfg = Release|AnyCPU
		{31D730A0-EB67-4323-88A3-07EB1194B5BF}.Release|AnyCPU.Build.0 = Release|AnyCPU
		{31D730A0-EB67-4323-88A3-07EB1194B5BF}.Release|x64.ActiveCfg = Release|AnyCPU
		{31D730A0-EB67-4323-88A3-07EB1194B5BF}.Release|x64.Build.0 = Release|AnyCPU
		{6BE7AB1A-436C-4D93-8937-6AD47F394CBE}.Debug|AnyCPU.ActiveCfg = Debug|AnyCPU
		{6BE7AB1A-436C-4D93-8937-6AD47F394CBE}.Debug|AnyCPU.Build.0 = Debug|AnyCPU
		{6BE7AB1A-436C-4D93-8937-6AD47F394CBE}.Debug|x64.ActiveCfg = Debug|AnyCPU
		{6BE7AB1A-436C-4D93-8937-6AD47F394CBE}.Debug|x64.Build.0 = Debug|AnyCPU
		{6BE7AB1A-436C-4D93-8937-6AD47F394CBE}.Release|AnyCPU.ActiveCfg = Release|AnyCPU
		{6BE7AB1A-436C-4D93-8937-6AD47F394CBE}.Release|AnyCPU.Build.0 = Release|AnyCPU
		{6BE7AB1A-436C-4D93-8937-6AD47F394CBE}.Release|x64.ActiveCfg = Release|AnyCPU
		{6BE7AB1A-436C-4D93-8937-6AD47F394CBE}.Release|x64.Build.0 = Release|AnyCPU
		{48D9F331-2E10-402C-85D2-6F3D3BFF8A1C}.Debug|AnyCPU.ActiveCfg = Debug|AnyCPU
		{48D9F331-2E10-402C-85D2-6F3D3BFF8A1C}.Debug|AnyCPU.Build.0 = Debug|AnyCPU
		{48D9F331-2E10-402C-85D2-6F3D3BFF8A1C}.Debug|x64.ActiveCfg = Debug|AnyCPU
		{48D9F331-2E10-402C-85D2-6F3D3BFF8A1C}.Debug|x64.Build.0 = Debug|AnyCPU
		{48D9F331-2E10-402C-85D2-6F3D3BFF8A1C}.Release|AnyCPU.ActiveCfg = Release|AnyCPU
		{48D9F331-2E10-402C-85D2-6F3D3BFF8A1C}.Release|AnyCPU.Build.0 = Release|AnyCPU
		{48D9F331-2E10-402C-85D2-6F3D3BFF8A1C}.Release|x64.ActiveCfg = Release|AnyCPU
		{48D9F331-2E10-402C-85D2-6F3D3BFF8A1C}.Release|x64.Build.0 = Release|AnyCPU
		{0DA71BC0-FD82-43B6-93C6-8F4B26A61D78}.Debug|AnyCPU.ActiveCfg = Debug|AnyCPU
		{0DA71BC0-FD82-43B6-93C6-8F4B26A61D78}.Debug|AnyCPU.Build.0 = Debug|AnyCPU
		{0DA71BC0-FD82-43B6-93C6-8F4B26A61D78}.Debug|x64.ActiveCfg = Debug|AnyCPU
		{0DA71BC0-FD82-43B6-93C6-8F4B26A61D78}.Debug|x64.Build.0 = Debug|AnyCPU
		{0DA71BC0-FD82-43B6-93C6-8F4B26A61D78}.Release|AnyCPU.ActiveCfg = Release|AnyCPU
		{0DA71BC0-FD82-43B6-93C6-8F4B26A61D78}.Release|AnyCPU.Build.0 = Release|AnyCPU
		{0DA71BC0-FD82-43B6-93C6-8F4B26A61D78}.Release|x64.ActiveCfg = Release|AnyCPU
		{0DA71BC0-FD82-43B6-93C6-8F4B26A61D78}.Release|x64.Build.0 = Release|AnyCPU
		{65811896-B448-424E-8558-D67EAFB2A782}.Debug|AnyCPU.ActiveCfg = Debug|AnyCPU
		{65811896-B448-424E-8558-D67EAFB2A782}.Debug|AnyCPU.Build.0 = Debug|AnyCPU
		{65811896-B448-424E-8558-D67EAFB2A782}.Debug|x64.ActiveCfg = Debug|AnyCPU
		{65811896-B448-424E-8558-D67EAFB2A782}.Debug|x64.Build.0 = Debug|AnyCPU
		{65811896-B448-424E-8558-D67EAFB2A782}.Release|AnyCPU.ActiveCfg = Release|AnyCPU
		{65811896-B448-424E-8558-D67EAFB2A782}.Release|AnyCPU.Build.0 = Release|AnyCPU
		{65811896-B448-424E-8558-D67EAFB2A782}.Release|x64.ActiveCfg = Release|AnyCPU
		{65811896-B448-424E-8558-D67EAFB2A782}.Release|x64.Build.0 = Release|AnyCPU
		{F38A1A45-AD0F-49D1-8C25-5277CD8377CB}.Debug|AnyCPU.ActiveCfg = Debug|AnyCPU
		{F38A1A45-AD0F-49D1-8C25-5277CD8377CB}.Debug|AnyCPU.Build.0 = Debug|AnyCPU
		{F38A1A45-AD0F-49D1-8C25-5277CD8377CB}.Debug|x64.ActiveCfg = Debug|AnyCPU
		{F38A1A45-AD0F-49D1-8C25-5277CD8377CB}.Debug|x64.Build.0 = Debug|AnyCPU
		{F38A1A45-AD0F-49D1-8C25-5277CD8377CB}.Release|AnyCPU.ActiveCfg = Release|AnyCPU
		{F38A1A45-AD0F-49D1-8C25-5277CD8377CB}.Release|AnyCPU.Build.0 = Release|AnyCPU
		{F38A1A45-AD0F-49D1-8C25-5277CD8377CB}.Release|x64.ActiveCfg = Release|AnyCPU
		{F38A1A45-AD0F-49D1-8C25-5277CD8377CB}.Release|x64.Build.0 = Release|AnyCPU
		{710E71E6-3169-4CB1-A686-C6070D3817DD}.Debug|AnyCPU.ActiveCfg = Debug|AnyCPU
		{710E71E6-3169-4CB1-A686-C6070D3817DD}.Debug|AnyCPU.Build.0 = Debug|AnyCPU
		{710E71E6-3169-4CB1-A686-C6070D3817DD}.Debug|x64.ActiveCfg = Debug|AnyCPU
		{710E71E6-3169-4CB1-A686-C6070D3817DD}.Debug|x64.Build.0 = Debug|AnyCPU
		{710E71E6-3169-4CB1-A686-C6070D3817DD}.Release|AnyCPU.ActiveCfg = Release|AnyCPU
		{710E71E6-3169-4CB1-A686-C6070D3817DD}.Release|AnyCPU.Build.0 = Release|AnyCPU
		{710E71E6-3169-4CB1-A686-C6070D3817DD}.Release|x64.ActiveCfg = Release|AnyCPU
		{710E71E6-3169-4CB1-A686-C6070D3817DD}.Release|x64.Build.0 = Release|AnyCPU
		{4B0F126B-CC03-4701-98D0-EE636A9EE425}.Debug|AnyCPU.ActiveCfg = Debug|AnyCPU
		{4B0F126B-CC03-4701-98D0-EE636A9EE425}.Debug|AnyCPU.Build.0 = Debug|AnyCPU
		{4B0F126B-CC03-4701-98D0-EE636A9EE425}.Debug|x64.ActiveCfg = Debug|AnyCPU
		{4B0F126B-CC03-4701-98D0-EE636A9EE425}.Debug|x64.Build.0 = Debug|AnyCPU
		{4B0F126B-CC03-4701-98D0-EE636A9EE425}.Release|AnyCPU.ActiveCfg = Release|AnyCPU
		{4B0F126B-CC03-4701-98D0-EE636A9EE425}.Release|AnyCPU.Build.0 = Release|AnyCPU
		{4B0F126B-CC03-4701-98D0-EE636A9EE425}.Release|x64.ActiveCfg = Release|AnyCPU
		{4B0F126B-CC03-4701-98D0-EE636A9EE425}.Release|x64.Build.0 = Release|AnyCPU
		{2135893E-EEEC-4FE3-8267-A5B9F9643F93}.Debug|AnyCPU.ActiveCfg = Debug|AnyCPU
		{2135893E-EEEC-4FE3-8267-A5B9F9643F93}.Debug|AnyCPU.Build.0 = Debug|AnyCPU
		{2135893E-EEEC-4FE3-8267-A5B9F9643F93}.Debug|x64.ActiveCfg = Debug|AnyCPU
		{2135893E-EEEC-4FE3-8267-A5B9F9643F93}.Debug|x64.Build.0 = Debug|AnyCPU
		{2135893E-EEEC-4FE3-8267-A5B9F9643F93}.Release|AnyCPU.ActiveCfg = Release|AnyCPU
		{2135893E-EEEC-4FE3-8267-A5B9F9643F93}.Release|AnyCPU.Build.0 = Release|AnyCPU
		{2135893E-EEEC-4FE3-8267-A5B9F9643F93}.Release|x64.ActiveCfg = Release|AnyCPU
		{2135893E-EEEC-4FE3-8267-A5B9F9643F93}.Release|x64.Build.0 = Release|AnyCPU
		{84D9A20E-BD93-4C45-BFB8-044B139E0830}.Debug|AnyCPU.ActiveCfg = Debug|AnyCPU
		{84D9A20E-BD93-4C45-BFB8-044B139E0830}.Debug|AnyCPU.Build.0 = Debug|AnyCPU
		{84D9A20E-BD93-4C45-BFB8-044B139E0830}.Debug|x64.ActiveCfg = Debug|AnyCPU
		{84D9A20E-BD93-4C45-BFB8-044B139E0830}.Debug|x64.Build.0 = Debug|AnyCPU
		{84D9A20E-BD93-4C45-BFB8-044B139E0830}.Release|AnyCPU.ActiveCfg = Release|AnyCPU
		{84D9A20E-BD93-4C45-BFB8-044B139E0830}.Release|AnyCPU.Build.0 = Release|AnyCPU
		{84D9A20E-BD93-4C45-BFB8-044B139E0830}.Release|x64.ActiveCfg = Release|AnyCPU
		{84D9A20E-BD93-4C45-BFB8-044B139E0830}.Release|x64.Build.0 = Release|AnyCPU
		{1EDD45EE-4CEF-4086-918F-9CE9B9987DE0}.Debug|AnyCPU.ActiveCfg = Debug|AnyCPU
		{1EDD45EE-4CEF-4086-918F-9CE9B9987DE0}.Debug|AnyCPU.Build.0 = Debug|AnyCPU
		{1EDD45EE-4CEF-4086-918F-9CE9B9987DE0}.Debug|x64.ActiveCfg = Debug|AnyCPU
		{1EDD45EE-4CEF-4086-918F-9CE9B9987DE0}.Debug|x64.Build.0 = Debug|AnyCPU
		{1EDD45EE-4CEF-4086-918F-9CE9B9987DE0}.Release|AnyCPU.ActiveCfg = Release|AnyCPU
		{1EDD45EE-4CEF-4086-918F-9CE9B9987DE0}.Release|AnyCPU.Build.0 = Release|AnyCPU
		{1EDD45EE-4CEF-4086-918F-9CE9B9987DE0}.Release|x64.ActiveCfg = Release|AnyCPU
		{1EDD45EE-4CEF-4086-918F-9CE9B9987DE0}.Release|x64.Build.0 = Release|AnyCPU
		{8352FA68-B9BC-4F61-B14A-7C29E4E64764}.Debug|AnyCPU.ActiveCfg = Debug|AnyCPU
		{8352FA68-B9BC-4F61-B14A-7C29E4E64764}.Debug|AnyCPU.Build.0 = Debug|AnyCPU
		{8352FA68-B9BC-4F61-B14A-7C29E4E64764}.Debug|x64.ActiveCfg = Debug|AnyCPU
		{8352FA68-B9BC-4F61-B14A-7C29E4E64764}.Debug|x64.Build.0 = Debug|AnyCPU
		{8352FA68-B9BC-4F61-B14A-7C29E4E64764}.Release|AnyCPU.ActiveCfg = Release|AnyCPU
		{8352FA68-B9BC-4F61-B14A-7C29E4E64764}.Release|AnyCPU.Build.0 = Release|AnyCPU
		{8352FA68-B9BC-4F61-B14A-7C29E4E64764}.Release|x64.ActiveCfg = Release|AnyCPU
		{8352FA68-B9BC-4F61-B14A-7C29E4E64764}.Release|x64.Build.0 = Release|AnyCPU
		{0581FA59-FF32-4BA6-8F05-9B27A5175703}.Debug|AnyCPU.ActiveCfg = Debug|AnyCPU
		{0581FA59-FF32-4BA6-8F05-9B27A5175703}.Debug|AnyCPU.Build.0 = Debug|AnyCPU
		{0581FA59-FF32-4BA6-8F05-9B27A5175703}.Debug|x64.ActiveCfg = Debug|AnyCPU
		{0581FA59-FF32-4BA6-8F05-9B27A5175703}.Debug|x64.Build.0 = Debug|AnyCPU
		{0581FA59-FF32-4BA6-8F05-9B27A5175703}.Release|AnyCPU.ActiveCfg = Release|AnyCPU
		{0581FA59-FF32-4BA6-8F05-9B27A5175703}.Release|AnyCPU.Build.0 = Release|AnyCPU
		{0581FA59-FF32-4BA6-8F05-9B27A5175703}.Release|x64.ActiveCfg = Release|AnyCPU
		{0581FA59-FF32-4BA6-8F05-9B27A5175703}.Release|x64.Build.0 = Release|AnyCPU
		{DFC5581D-0C2F-4C11-9E9D-8668D6172445}.Debug|AnyCPU.ActiveCfg = Debug|AnyCPU
		{DFC5581D-0C2F-4C11-9E9D-8668D6172445}.Debug|AnyCPU.Build.0 = Debug|AnyCPU
		{DFC5581D-0C2F-4C11-9E9D-8668D6172445}.Debug|x64.ActiveCfg = Debug|AnyCPU
		{DFC5581D-0C2F-4C11-9E9D-8668D6172445}.Debug|x64.Build.0 = Debug|AnyCPU
		{DFC5581D-0C2F-4C11-9E9D-8668D6172445}.Release|AnyCPU.ActiveCfg = Release|AnyCPU
		{DFC5581D-0C2F-4C11-9E9D-8668D6172445}.Release|AnyCPU.Build.0 = Release|AnyCPU
		{DFC5581D-0C2F-4C11-9E9D-8668D6172445}.Release|x64.ActiveCfg = Release|AnyCPU
		{DFC5581D-0C2F-4C11-9E9D-8668D6172445}.Release|x64.Build.0 = Release|AnyCPU
		{D7869B6E-E414-4318-8DA5-CF2F9B5C2B4F}.Debug|AnyCPU.ActiveCfg = Debug|AnyCPU
		{D7869B6E-E414-4318-8DA5-CF2F9B5C2B4F}.Debug|AnyCPU.Build.0 = Debug|AnyCPU
		{D7869B6E-E414-4318-8DA5-CF2F9B5C2B4F}.Debug|x64.ActiveCfg = Debug|AnyCPU
		{D7869B6E-E414-4318-8DA5-CF2F9B5C2B4F}.Debug|x64.Build.0 = Debug|AnyCPU
		{D7869B6E-E414-4318-8DA5-CF2F9B5C2B4F}.Release|AnyCPU.ActiveCfg = Release|AnyCPU
		{D7869B6E-E414-4318-8DA5-CF2F9B5C2B4F}.Release|AnyCPU.Build.0 = Release|AnyCPU
		{D7869B6E-E414-4318-8DA5-CF2F9B5C2B4F}.Release|x64.ActiveCfg = Release|AnyCPU
		{D7869B6E-E414-4318-8DA5-CF2F9B5C2B4F}.Release|x64.Build.0 = Release|AnyCPU
		{3582406A-47BD-440F-85A4-D667CF78B148}.Debug|AnyCPU.ActiveCfg = Debug|x64
		{3582406A-47BD-440F-85A4-D667CF78B148}.Debug|AnyCPU.Build.0 = Debug|x64
		{3582406A-47BD-440F-85A4-D667CF78B148}.Debug|x64.ActiveCfg = Debug|x64
		{3582406A-47BD-440F-85A4-D667CF78B148}.Debug|x64.Build.0 = Debug|x64
		{3582406A-47BD-440F-85A4-D667CF78B148}.Release|AnyCPU.ActiveCfg = Release|x64
		{3582406A-47BD-440F-85A4-D667CF78B148}.Release|AnyCPU.Build.0 = Release|x64
		{3582406A-47BD-440F-85A4-D667CF78B148}.Release|x64.ActiveCfg = Release|x64
		{3582406A-47BD-440F-85A4-D667CF78B148}.Release|x64.Build.0 = Release|x64
		{B7893114-0C15-44E4-9282-DDF591C042B7}.Debug|AnyCPU.ActiveCfg = Debug|AnyCPU
		{B7893114-0C15-44E4-9282-DDF591C042B7}.Debug|AnyCPU.Build.0 = Debug|AnyCPU
		{B7893114-0C15-44E4-9282-DDF591C042B7}.Debug|x64.ActiveCfg = Debug|AnyCPU
		{B7893114-0C15-44E4-9282-DDF591C042B7}.Debug|x64.Build.0 = Debug|AnyCPU
		{B7893114-0C15-44E4-9282-DDF591C042B7}.Release|AnyCPU.ActiveCfg = Release|AnyCPU
		{B7893114-0C15-44E4-9282-DDF591C042B7}.Release|AnyCPU.Build.0 = Release|AnyCPU
		{B7893114-0C15-44E4-9282-DDF591C042B7}.Release|x64.ActiveCfg = Release|AnyCPU
		{B7893114-0C15-44E4-9282-DDF591C042B7}.Release|x64.Build.0 = Release|AnyCPU
		{2CFC32B0-C23D-47A8-BF14-9DC0B5C7AF9B}.Debug|AnyCPU.ActiveCfg = Debug|AnyCPU
		{2CFC32B0-C23D-47A8-BF14-9DC0B5C7AF9B}.Debug|AnyCPU.Build.0 = Debug|AnyCPU
		{2CFC32B0-C23D-47A8-BF14-9DC0B5C7AF9B}.Debug|x64.ActiveCfg = Debug|AnyCPU
		{2CFC32B0-C23D-47A8-BF14-9DC0B5C7AF9B}.Debug|x64.Build.0 = Debug|AnyCPU
		{2CFC32B0-C23D-47A8-BF14-9DC0B5C7AF9B}.Release|AnyCPU.ActiveCfg = Release|AnyCPU
		{2CFC32B0-C23D-47A8-BF14-9DC0B5C7AF9B}.Release|AnyCPU.Build.0 = Release|AnyCPU
		{2CFC32B0-C23D-47A8-BF14-9DC0B5C7AF9B}.Release|x64.ActiveCfg = Release|AnyCPU
		{2CFC32B0-C23D-47A8-BF14-9DC0B5C7AF9B}.Release|x64.Build.0 = Release|AnyCPU
		{46C92246-DA0F-4B6F-BF9D-7C37A95B94FC}.Debug|AnyCPU.ActiveCfg = Debug|AnyCPU
		{46C92246-DA0F-4B6F-BF9D-7C37A95B94FC}.Debug|AnyCPU.Build.0 = Debug|AnyCPU
		{46C92246-DA0F-4B6F-BF9D-7C37A95B94FC}.Debug|x64.ActiveCfg = Debug|AnyCPU
		{46C92246-DA0F-4B6F-BF9D-7C37A95B94FC}.Debug|x64.Build.0 = Debug|AnyCPU
		{46C92246-DA0F-4B6F-BF9D-7C37A95B94FC}.Release|AnyCPU.ActiveCfg = Release|AnyCPU
		{46C92246-DA0F-4B6F-BF9D-7C37A95B94FC}.Release|AnyCPU.Build.0 = Release|AnyCPU
		{46C92246-DA0F-4B6F-BF9D-7C37A95B94FC}.Release|x64.ActiveCfg = Release|AnyCPU
		{46C92246-DA0F-4B6F-BF9D-7C37A95B94FC}.Release|x64.Build.0 = Release|AnyCPU
		{79D1EC18-F407-48E2-8238-C5155EB071B9}.Debug|AnyCPU.ActiveCfg = Debug|AnyCPU
		{79D1EC18-F407-48E2-8238-C5155EB071B9}.Debug|AnyCPU.Build.0 = Debug|AnyCPU
		{79D1EC18-F407-48E2-8238-C5155EB071B9}.Debug|x64.ActiveCfg = Debug|AnyCPU
		{79D1EC18-F407-48E2-8238-C5155EB071B9}.Debug|x64.Build.0 = Debug|AnyCPU
		{79D1EC18-F407-48E2-8238-C5155EB071B9}.Release|AnyCPU.ActiveCfg = Release|AnyCPU
		{79D1EC18-F407-48E2-8238-C5155EB071B9}.Release|AnyCPU.Build.0 = Release|AnyCPU
		{79D1EC18-F407-48E2-8238-C5155EB071B9}.Release|x64.ActiveCfg = Release|AnyCPU
		{79D1EC18-F407-48E2-8238-C5155EB071B9}.Release|x64.Build.0 = Release|AnyCPU
		{3ED62AC6-E74F-475D-86DF-13AF2C2BCBFA}.Debug|AnyCPU.ActiveCfg = Debug|AnyCPU
		{3ED62AC6-E74F-475D-86DF-13AF2C2BCBFA}.Debug|AnyCPU.Build.0 = Debug|AnyCPU
		{3ED62AC6-E74F-475D-86DF-13AF2C2BCBFA}.Debug|x64.ActiveCfg = Debug|AnyCPU
		{3ED62AC6-E74F-475D-86DF-13AF2C2BCBFA}.Debug|x64.Build.0 = Debug|AnyCPU
		{3ED62AC6-E74F-475D-86DF-13AF2C2BCBFA}.Release|AnyCPU.ActiveCfg = Release|AnyCPU
		{3ED62AC6-E74F-475D-86DF-13AF2C2BCBFA}.Release|AnyCPU.Build.0 = Release|AnyCPU
		{3ED62AC6-E74F-475D-86DF-13AF2C2BCBFA}.Release|x64.ActiveCfg = Release|AnyCPU
		{3ED62AC6-E74F-475D-86DF-13AF2C2BCBFA}.Release|x64.Build.0 = Release|AnyCPU
		{8788C135-6966-4099-BEA4-977853CACC1C}.Debug|AnyCPU.ActiveCfg = Debug|AnyCPU
		{8788C135-6966-4099-BEA4-977853CACC1C}.Debug|AnyCPU.Build.0 = Debug|AnyCPU
		{8788C135-6966-4099-BEA4-977853CACC1C}.Debug|x64.ActiveCfg = Debug|AnyCPU
		{8788C135-6966-4099-BEA4-977853CACC1C}.Debug|x64.Build.0 = Debug|AnyCPU
		{8788C135-6966-4099-BEA4-977853CACC1C}.Release|AnyCPU.ActiveCfg = Release|AnyCPU
		{8788C135-6966-4099-BEA4-977853CACC1C}.Release|AnyCPU.Build.0 = Release|AnyCPU
		{8788C135-6966-4099-BEA4-977853CACC1C}.Release|x64.ActiveCfg = Release|AnyCPU
		{8788C135-6966-4099-BEA4-977853CACC1C}.Release|x64.Build.0 = Release|AnyCPU
		{71317F3B-360A-4C69-9BA7-5BB2A3E88483}.Debug|AnyCPU.ActiveCfg = Debug|AnyCPU
		{71317F3B-360A-4C69-9BA7-5BB2A3E88483}.Debug|AnyCPU.Build.0 = Debug|AnyCPU
		{71317F3B-360A-4C69-9BA7-5BB2A3E88483}.Debug|x64.ActiveCfg = Debug|AnyCPU
		{71317F3B-360A-4C69-9BA7-5BB2A3E88483}.Debug|x64.Build.0 = Debug|AnyCPU
		{71317F3B-360A-4C69-9BA7-5BB2A3E88483}.Release|AnyCPU.ActiveCfg = Release|AnyCPU
		{71317F3B-360A-4C69-9BA7-5BB2A3E88483}.Release|AnyCPU.Build.0 = Release|AnyCPU
		{71317F3B-360A-4C69-9BA7-5BB2A3E88483}.Release|x64.ActiveCfg = Release|AnyCPU
		{71317F3B-360A-4C69-9BA7-5BB2A3E88483}.Release|x64.Build.0 = Release|AnyCPU
		{B26854AA-E761-43AC-89F1-2748BAC1524F}.Debug|AnyCPU.ActiveCfg = Debug|AnyCPU
		{B26854AA-E761-43AC-89F1-2748BAC1524F}.Debug|AnyCPU.Build.0 = Debug|AnyCPU
		{B26854AA-E761-43AC-89F1-2748BAC1524F}.Debug|x64.ActiveCfg = Debug|AnyCPU
		{B26854AA-E761-43AC-89F1-2748BAC1524F}.Debug|x64.Build.0 = Debug|AnyCPU
		{B26854AA-E761-43AC-89F1-2748BAC1524F}.Release|AnyCPU.ActiveCfg = Release|AnyCPU
		{B26854AA-E761-43AC-89F1-2748BAC1524F}.Release|AnyCPU.Build.0 = Release|AnyCPU
		{B26854AA-E761-43AC-89F1-2748BAC1524F}.Release|x64.ActiveCfg = Release|AnyCPU
		{B26854AA-E761-43AC-89F1-2748BAC1524F}.Release|x64.Build.0 = Release|AnyCPU
		{8ECCCF23-2EAE-41AC-B795-458403CF352D}.Debug|AnyCPU.ActiveCfg = Debug|AnyCPU
		{8ECCCF23-2EAE-41AC-B795-458403CF352D}.Debug|AnyCPU.Build.0 = Debug|AnyCPU
		{8ECCCF23-2EAE-41AC-B795-458403CF352D}.Debug|x64.ActiveCfg = Debug|AnyCPU
		{8ECCCF23-2EAE-41AC-B795-458403CF352D}.Debug|x64.Build.0 = Debug|AnyCPU
		{8ECCCF23-2EAE-41AC-B795-458403CF352D}.Release|AnyCPU.ActiveCfg = Release|AnyCPU
		{8ECCCF23-2EAE-41AC-B795-458403CF352D}.Release|AnyCPU.Build.0 = Release|AnyCPU
		{8ECCCF23-2EAE-41AC-B795-458403CF352D}.Release|x64.ActiveCfg = Release|AnyCPU
		{8ECCCF23-2EAE-41AC-B795-458403CF352D}.Release|x64.Build.0 = Release|AnyCPU
		{18B46E50-4F8B-45EF-BDAB-C4FDCE53FA43}.Debug|AnyCPU.ActiveCfg = Debug|AnyCPU
		{18B46E50-4F8B-45EF-BDAB-C4FDCE53FA43}.Debug|AnyCPU.Build.0 = Debug|AnyCPU
		{18B46E50-4F8B-45EF-BDAB-C4FDCE53FA43}.Debug|x64.ActiveCfg = Debug|AnyCPU
		{18B46E50-4F8B-45EF-BDAB-C4FDCE53FA43}.Debug|x64.Build.0 = Debug|AnyCPU
		{18B46E50-4F8B-45EF-BDAB-C4FDCE53FA43}.Release|AnyCPU.ActiveCfg = Release|AnyCPU
		{18B46E50-4F8B-45EF-BDAB-C4FDCE53FA43}.Release|AnyCPU.Build.0 = Release|AnyCPU
		{18B46E50-4F8B-45EF-BDAB-C4FDCE53FA43}.Release|x64.ActiveCfg = Release|AnyCPU
		{18B46E50-4F8B-45EF-BDAB-C4FDCE53FA43}.Release|x64.Build.0 = Release|AnyCPU
		{0DCE2B73-804F-44FA-AB1E-EE38468943C8}.Debug|AnyCPU.ActiveCfg = Debug|AnyCPU
		{0DCE2B73-804F-44FA-AB1E-EE38468943C8}.Debug|AnyCPU.Build.0 = Debug|AnyCPU
		{0DCE2B73-804F-44FA-AB1E-EE38468943C8}.Debug|x64.ActiveCfg = Debug|AnyCPU
		{0DCE2B73-804F-44FA-AB1E-EE38468943C8}.Debug|x64.Build.0 = Debug|AnyCPU
		{0DCE2B73-804F-44FA-AB1E-EE38468943C8}.Release|AnyCPU.ActiveCfg = Release|AnyCPU
		{0DCE2B73-804F-44FA-AB1E-EE38468943C8}.Release|AnyCPU.Build.0 = Release|AnyCPU
		{0DCE2B73-804F-44FA-AB1E-EE38468943C8}.Release|x64.ActiveCfg = Release|AnyCPU
		{0DCE2B73-804F-44FA-AB1E-EE38468943C8}.Release|x64.Build.0 = Release|AnyCPU
		{BF0F3808-3348-41E9-8ED4-6B5D80342C8A}.Debug|AnyCPU.ActiveCfg = Debug|AnyCPU
		{BF0F3808-3348-41E9-8ED4-6B5D80342C8A}.Debug|AnyCPU.Build.0 = Debug|AnyCPU
		{BF0F3808-3348-41E9-8ED4-6B5D80342C8A}.Debug|x64.ActiveCfg = Debug|AnyCPU
		{BF0F3808-3348-41E9-8ED4-6B5D80342C8A}.Debug|x64.Build.0 = Debug|AnyCPU
		{BF0F3808-3348-41E9-8ED4-6B5D80342C8A}.Release|AnyCPU.ActiveCfg = Release|AnyCPU
		{BF0F3808-3348-41E9-8ED4-6B5D80342C8A}.Release|AnyCPU.Build.0 = Release|AnyCPU
		{BF0F3808-3348-41E9-8ED4-6B5D80342C8A}.Release|x64.ActiveCfg = Release|AnyCPU
		{BF0F3808-3348-41E9-8ED4-6B5D80342C8A}.Release|x64.Build.0 = Release|AnyCPU
		{85FC79F5-3D96-4C2E-8B11-11524A069099}.Debug|AnyCPU.ActiveCfg = Debug|AnyCPU
		{85FC79F5-3D96-4C2E-8B11-11524A069099}.Debug|AnyCPU.Build.0 = Debug|AnyCPU
		{85FC79F5-3D96-4C2E-8B11-11524A069099}.Debug|x64.ActiveCfg = Debug|AnyCPU
		{85FC79F5-3D96-4C2E-8B11-11524A069099}.Debug|x64.Build.0 = Debug|AnyCPU
		{85FC79F5-3D96-4C2E-8B11-11524A069099}.Release|AnyCPU.ActiveCfg = Release|AnyCPU
		{85FC79F5-3D96-4C2E-8B11-11524A069099}.Release|AnyCPU.Build.0 = Release|AnyCPU
		{85FC79F5-3D96-4C2E-8B11-11524A069099}.Release|x64.ActiveCfg = Release|AnyCPU
		{85FC79F5-3D96-4C2E-8B11-11524A069099}.Release|x64.Build.0 = Release|AnyCPU
		{EC07B91B-B8C5-4C7C-A872-8469EA14C01A}.Debug|AnyCPU.ActiveCfg = Debug|AnyCPU
		{EC07B91B-B8C5-4C7C-A872-8469EA14C01A}.Debug|AnyCPU.Build.0 = Debug|AnyCPU
		{EC07B91B-B8C5-4C7C-A872-8469EA14C01A}.Debug|x64.ActiveCfg = Debug|AnyCPU
		{EC07B91B-B8C5-4C7C-A872-8469EA14C01A}.Debug|x64.Build.0 = Debug|AnyCPU
		{EC07B91B-B8C5-4C7C-A872-8469EA14C01A}.Release|AnyCPU.ActiveCfg = Release|AnyCPU
		{EC07B91B-B8C5-4C7C-A872-8469EA14C01A}.Release|AnyCPU.Build.0 = Release|AnyCPU
		{EC07B91B-B8C5-4C7C-A872-8469EA14C01A}.Release|x64.ActiveCfg = Release|AnyCPU
		{EC07B91B-B8C5-4C7C-A872-8469EA14C01A}.Release|x64.Build.0 = Release|AnyCPU
		{1B3F5819-B4A8-4847-A93D-AB7AC7424FC6}.Debug|AnyCPU.ActiveCfg = Debug|AnyCPU
		{1B3F5819-B4A8-4847-A93D-AB7AC7424FC6}.Debug|AnyCPU.Build.0 = Debug|AnyCPU
		{1B3F5819-B4A8-4847-A93D-AB7AC7424FC6}.Debug|x64.ActiveCfg = Debug|AnyCPU
		{1B3F5819-B4A8-4847-A93D-AB7AC7424FC6}.Debug|x64.Build.0 = Debug|AnyCPU
		{1B3F5819-B4A8-4847-A93D-AB7AC7424FC6}.Release|AnyCPU.ActiveCfg = Release|AnyCPU
		{1B3F5819-B4A8-4847-A93D-AB7AC7424FC6}.Release|AnyCPU.Build.0 = Release|AnyCPU
		{1B3F5819-B4A8-4847-A93D-AB7AC7424FC6}.Release|x64.ActiveCfg = Release|AnyCPU
		{1B3F5819-B4A8-4847-A93D-AB7AC7424FC6}.Release|x64.Build.0 = Release|AnyCPU
		{AE5E2FD0-DF68-4386-873F-47FE676B49A4}.Debug|AnyCPU.ActiveCfg = Debug|AnyCPU
		{AE5E2FD0-DF68-4386-873F-47FE676B49A4}.Debug|AnyCPU.Build.0 = Debug|AnyCPU
		{AE5E2FD0-DF68-4386-873F-47FE676B49A4}.Debug|x64.ActiveCfg = Debug|AnyCPU
		{AE5E2FD0-DF68-4386-873F-47FE676B49A4}.Debug|x64.Build.0 = Debug|AnyCPU
		{AE5E2FD0-DF68-4386-873F-47FE676B49A4}.Release|AnyCPU.ActiveCfg = Release|AnyCPU
		{AE5E2FD0-DF68-4386-873F-47FE676B49A4}.Release|AnyCPU.Build.0 = Release|AnyCPU
		{AE5E2FD0-DF68-4386-873F-47FE676B49A4}.Release|x64.ActiveCfg = Release|AnyCPU
		{AE5E2FD0-DF68-4386-873F-47FE676B49A4}.Release|x64.Build.0 = Release|AnyCPU
		{D1BC4988-F76C-4FC5-9EDD-136B4C4A3FC0}.Debug|AnyCPU.ActiveCfg = Debug|AnyCPU
		{D1BC4988-F76C-4FC5-9EDD-136B4C4A3FC0}.Debug|AnyCPU.Build.0 = Debug|AnyCPU
		{D1BC4988-F76C-4FC5-9EDD-136B4C4A3FC0}.Debug|x64.ActiveCfg = Debug|AnyCPU
		{D1BC4988-F76C-4FC5-9EDD-136B4C4A3FC0}.Debug|x64.Build.0 = Debug|AnyCPU
		{D1BC4988-F76C-4FC5-9EDD-136B4C4A3FC0}.Release|AnyCPU.ActiveCfg = Release|AnyCPU
		{D1BC4988-F76C-4FC5-9EDD-136B4C4A3FC0}.Release|AnyCPU.Build.0 = Release|AnyCPU
		{D1BC4988-F76C-4FC5-9EDD-136B4C4A3FC0}.Release|x64.ActiveCfg = Release|AnyCPU
		{D1BC4988-F76C-4FC5-9EDD-136B4C4A3FC0}.Release|x64.Build.0 = Release|AnyCPU
	EndGlobalSection
	GlobalSection(SolutionProperties) = preSolution
		HideSolutionNode = FALSE
	EndGlobalSection
EndGlobal
