Microsoft Visual Studio Solution File, Format Version 12.00
# Visual Studio Version 17
VisualStudioVersion = 17.5.2.0
MinimumVisualStudioVersion = 10.0.40219.1
Project("{2150E333-8FDC-42A3-9474-1A3956D46DE8}") = "1.5", "1.5", "{6F24807B-C641-A9DD-496C-E7837935CBDA}"
EndProject
Project("{FAE04EC0-301F-11D3-BF4B-00C04F79EFBC}") = "VanillaPsycastsExpanded", "1.5\S\VanillaPsycastsExpanded.csproj", "{FDDD0489-3B94-304D-D10F-5CC87DEF3CDC}"
EndProject
Global
	GlobalSection(SolutionConfigurationPlatforms) = preSolution
		Debug|Any CPU = Debug|Any CPU
		Release|Any CPU = Release|Any CPU
	EndGlobalSection
	GlobalSection(ProjectConfigurationPlatforms) = postSolution
		{FDDD0489-3B94-304D-D10F-5CC87DEF3CDC}.Debug|Any CPU.ActiveCfg = Debug|Any CPU
		{FDDD0489-3B94-304D-D10F-5CC87DEF3CDC}.Debug|Any CPU.Build.0 = Debug|Any CPU
		{FDDD0489-3B94-304D-D10F-5CC87DEF3CDC}.Release|Any CPU.ActiveCfg = Release|Any CPU
		{FDDD0489-3B94-304D-D10F-5CC87DEF3CDC}.Release|Any CPU.Build.0 = Release|Any CPU
	EndGlobalSection
	GlobalSection(SolutionProperties) = preSolution
		HideSolutionNode = FALSE
	EndGlobalSection
	GlobalSection(NestedProjects) = preSolution
		{FDDD0489-3B94-304D-D10F-5CC87DEF3CDC} = {6F24807B-C641-A9DD-496C-E7837935CBDA}
	EndGlobalSection
	GlobalSection(ExtensibilityGlobals) = postSolution
		SolutionGuid = {A126AFFB-1757-4910-82ED-DC18581AB8C5}
	EndGlobalSection
EndGlobal
