
Microsoft Visual Studio Solution File, Format Version 12.00
# Visual Studio Version 17
VisualStudioVersion = 17.4.33213.308
MinimumVisualStudioVersion = 10.0.40219.1
Project("{FAE04EC0-301F-11D3-BF4B-00C04F79EFBC}") = "EnergyShieldCECompat", "EnergyShieldCECompat\EnergyShieldCECompat.csproj", "{F628BD62-312C-434B-8663-2EECB39120B7}"
EndProject
Global
	GlobalSection(SolutionConfigurationPlatforms) = preSolution
		Debug|Any CPU = Debug|Any CPU
		Release|Any CPU = Release|Any CPU
	EndGlobalSection
	GlobalSection(ProjectConfigurationPlatforms) = postSolution
		{F628BD62-312C-434B-8663-2EECB39120B7}.Debug|Any CPU.ActiveCfg = Debug|Any CPU
		{F628BD62-312C-434B-8663-2EECB39120B7}.Debug|Any CPU.Build.0 = Debug|Any CPU
		{F628BD62-312C-434B-8663-2EECB39120B7}.Release|Any CPU.ActiveCfg = Release|Any CPU
		{F628BD62-312C-434B-8663-2EECB39120B7}.Release|Any CPU.Build.0 = Release|Any CPU
	EndGlobalSection
	GlobalSection(SolutionProperties) = preSolution
		HideSolutionNode = FALSE
	EndGlobalSection
	GlobalSection(ExtensibilityGlobals) = postSolution
		SolutionGuid = {E6881BF0-DFE4-4209-88F1-0DFF87EDA549}
	EndGlobalSection
EndGlobal
